// !$*UTF8*$!
{
	archiveVersion = 1;
	classes = {
	};
	objectVersion = 55;
	objects = {

/* Begin PBXBuildFile section */
		DA12E696288E559100D502EC /* SongArtistsViewController.swift in Sources */ = {isa = PBXBuildFile; fileRef = DA12E695288E559100D502EC /* SongArtistsViewController.swift */; };
		DA12E698288E5AB300D502EC /* ArtistCVCell.swift in Sources */ = {isa = PBXBuildFile; fileRef = DA12E697288E5AB300D502EC /* ArtistCVCell.swift */; };
		DA12E69A288E937800D502EC /* DataManager.swift in Sources */ = {isa = PBXBuildFile; fileRef = DA12E699288E937800D502EC /* DataManager.swift */; };
		DA12E69C288E94BF00D502EC /* AlbumSegregator.swift in Sources */ = {isa = PBXBuildFile; fileRef = DA12E69B288E94BF00D502EC /* AlbumSegregator.swift */; };
		DA2810B9287BDDBB006EEF60 /* EditProfileViewController.swift in Sources */ = {isa = PBXBuildFile; fileRef = DA2810B8287BDDBB006EEF60 /* EditProfileViewController.swift */; };
		DA2810BD287C2588006EEF60 /* LabeledInfoTableViewCell.swift in Sources */ = {isa = PBXBuildFile; fileRef = DA2810BC287C2588006EEF60 /* LabeledInfoTableViewCell.swift */; };
		DA28A349287414E900E36382 /* SignupViewController.swift in Sources */ = {isa = PBXBuildFile; fileRef = DA28A348287414E900E36382 /* SignupViewController.swift */; };
		DA28A34B287414F700E36382 /* LoginViewController.swift in Sources */ = {isa = PBXBuildFile; fileRef = DA28A34A287414F700E36382 /* LoginViewController.swift */; };
		DA28A34D2874157C00E36382 /* OnboardingViewController.swift in Sources */ = {isa = PBXBuildFile; fileRef = DA28A34C2874157C00E36382 /* OnboardingViewController.swift */; };
		DA28A364287431AC00E36382 /* BebasFixNeue.ttf in Resources */ = {isa = PBXBuildFile; fileRef = DA28A363287431AC00E36382 /* BebasFixNeue.ttf */; };
		DA28A366287431BF00E36382 /* BubblegumSans-Regular.ttf in Resources */ = {isa = PBXBuildFile; fileRef = DA28A365287431BF00E36382 /* BubblegumSans-Regular.ttf */; };
		DA45569E287402C400804CB8 /* AppDelegate.swift in Sources */ = {isa = PBXBuildFile; fileRef = DA45569D287402C400804CB8 /* AppDelegate.swift */; };
		DA4556A0287402C400804CB8 /* SceneDelegate.swift in Sources */ = {isa = PBXBuildFile; fileRef = DA45569F287402C400804CB8 /* SceneDelegate.swift */; };
		DA4556A8287402C400804CB8 /* Reverberate.xcdatamodeld in Sources */ = {isa = PBXBuildFile; fileRef = DA4556A6287402C400804CB8 /* Reverberate.xcdatamodeld */; };
		DA4556AA287402C600804CB8 /* Assets.xcassets in Resources */ = {isa = PBXBuildFile; fileRef = DA4556A9287402C600804CB8 /* Assets.xcassets */; };
		DA4556AD287402C600804CB8 /* LaunchScreen.storyboard in Resources */ = {isa = PBXBuildFile; fileRef = DA4556AB287402C600804CB8 /* LaunchScreen.storyboard */; };
		DA4556C828740A7000804CB8 /* MainViewController.swift in Sources */ = {isa = PBXBuildFile; fileRef = DA4556C728740A7000804CB8 /* MainViewController.swift */; };
		DA4556D028740B2000804CB8 /* Extensions.swift in Sources */ = {isa = PBXBuildFile; fileRef = DA4556CF28740B2000804CB8 /* Extensions.swift */; };
		DA4556D228740CD200804CB8 /* GlobalConstants.swift in Sources */ = {isa = PBXBuildFile; fileRef = DA4556D128740CD200804CB8 /* GlobalConstants.swift */; };
		DA562A902891507E0017EEF2 /* halamathitelugu.mp3 in Resources */ = {isa = PBXBuildFile; fileRef = DA562A8C2891507E0017EEF2 /* halamathitelugu.mp3 */; };
		DA562A912891507E0017EEF2 /* jollyogymkhanatelugu.mp3 in Resources */ = {isa = PBXBuildFile; fileRef = DA562A8D2891507E0017EEF2 /* jollyogymkhanatelugu.mp3 */; };
		DA562A922891507E0017EEF2 /* beastmodetelugu.mp3 in Resources */ = {isa = PBXBuildFile; fileRef = DA562A8E2891507E0017EEF2 /* beastmodetelugu.mp3 */; };
		DA562A942891668A0017EEF2 /* DataProcessor.swift in Sources */ = {isa = PBXBuildFile; fileRef = DA562A932891668A0017EEF2 /* DataProcessor.swift */; };
		DA58B5532877ED0A00BDAE4B /* GenreSelectionDelegate.swift in Sources */ = {isa = PBXBuildFile; fileRef = DA58B5522877ED0A00BDAE4B /* GenreSelectionDelegate.swift */; };
		DA58B5552877ED5D00BDAE4B /* GenreSelectionCollectionViewController.swift in Sources */ = {isa = PBXBuildFile; fileRef = DA58B5542877ED5D00BDAE4B /* GenreSelectionCollectionViewController.swift */; };
		DA58B5572877ED9800BDAE4B /* LanguageSelectionCollectionViewController.swift in Sources */ = {isa = PBXBuildFile; fileRef = DA58B5562877ED9800BDAE4B /* LanguageSelectionCollectionViewController.swift */; };
		DA58B55B2878104900BDAE4B /* CustomVisualEffectView.swift in Sources */ = {isa = PBXBuildFile; fileRef = DA58B55A2878104900BDAE4B /* CustomVisualEffectView.swift */; };
		DA5CE9692887C8F40066AB2E /* HeaderCVReusableView.swift in Sources */ = {isa = PBXBuildFile; fileRef = DA5CE9682887C8F40066AB2E /* HeaderCVReusableView.swift */; };
		DA5CE96B2887D90A0066AB2E /* PosterDetailCVCell.swift in Sources */ = {isa = PBXBuildFile; fileRef = DA5CE96A2887D90A0066AB2E /* PosterDetailCVCell.swift */; };
		DA5CE96D28880D1D0066AB2E /* ArtistType.swift in Sources */ = {isa = PBXBuildFile; fileRef = DA5CE96C28880D1D0066AB2E /* ArtistType.swift */; };
		DA5CE99B2888145A0066AB2E /* ArtistWrapper.swift in Sources */ = {isa = PBXBuildFile; fileRef = DA5CE99A2888145A0066AB2E /* ArtistWrapper.swift */; };
		DA5CE99D288815080066AB2E /* SongWrapper.swift in Sources */ = {isa = PBXBuildFile; fileRef = DA5CE99C288815080066AB2E /* SongWrapper.swift */; };
		DA5CE99F288815EB0066AB2E /* PlaylistWrapper.swift in Sources */ = {isa = PBXBuildFile; fileRef = DA5CE99E288815EB0066AB2E /* PlaylistWrapper.swift */; };
		DA5CE9A1288815FB0066AB2E /* AlbumWrapper.swift in Sources */ = {isa = PBXBuildFile; fileRef = DA5CE9A0288815FB0066AB2E /* AlbumWrapper.swift */; };
		DA65D3B32886674300173F56 /* SearchResultsViewController.swift in Sources */ = {isa = PBXBuildFile; fileRef = DA65D3B22886674300173F56 /* SearchResultsViewController.swift */; };
		DA65D3B528866D5000173F56 /* GlobalVariables.swift in Sources */ = {isa = PBXBuildFile; fileRef = DA65D3B428866D5000173F56 /* GlobalVariables.swift */; };
		DA65D3B728866FA700173F56 /* CategoricalSongsViewController.swift in Sources */ = {isa = PBXBuildFile; fileRef = DA65D3B628866FA700173F56 /* CategoricalSongsViewController.swift */; };
		DA65D3B92886868B00173F56 /* TitleCardCVCell.swift in Sources */ = {isa = PBXBuildFile; fileRef = DA65D3B82886868B00173F56 /* TitleCardCVCell.swift */; };
		DA65D3BB288695F400173F56 /* LibraryResultsViewController.swift in Sources */ = {isa = PBXBuildFile; fileRef = DA65D3BA288695F400173F56 /* LibraryResultsViewController.swift */; };
		DA65D3BD2886C6F200173F56 /* LibraryPlaylistsViewController.swift in Sources */ = {isa = PBXBuildFile; fileRef = DA65D3BC2886C6F200173F56 /* LibraryPlaylistsViewController.swift */; };
		DA65D3BF2886C70C00173F56 /* LibraryFavouritesViewController.swift in Sources */ = {isa = PBXBuildFile; fileRef = DA65D3BE2886C70C00173F56 /* LibraryFavouritesViewController.swift */; };
		DA65D3C12886E28900173F56 /* SortOptionsHeaderView.swift in Sources */ = {isa = PBXBuildFile; fileRef = DA65D3C02886E28900173F56 /* SortOptionsHeaderView.swift */; };
		DA668C6E28769AC8001EE1C9 /* InputValidator.swift in Sources */ = {isa = PBXBuildFile; fileRef = DA668C6D28769AC8001EE1C9 /* InputValidator.swift */; };
		DA668C7A2876D936001EE1C9 /* Language.swift in Sources */ = {isa = PBXBuildFile; fileRef = DA668C792876D936001EE1C9 /* Language.swift */; };
		DA668C7C2876DB1B001EE1C9 /* MusicGenre.swift in Sources */ = {isa = PBXBuildFile; fileRef = DA668C7B2876DB1B001EE1C9 /* MusicGenre.swift */; };
		DA668C8D2876DE5E001EE1C9 /* LanguageSelectionDelegate.swift in Sources */ = {isa = PBXBuildFile; fileRef = DA668C8C2876DE5E001EE1C9 /* LanguageSelectionDelegate.swift */; };
		DA668C8F2876E038001EE1C9 /* SelectionCardCVCell.swift in Sources */ = {isa = PBXBuildFile; fileRef = DA668C8E2876E038001EE1C9 /* SelectionCardCVCell.swift */; };
		DA668C9128770745001EE1C9 /* HomeViewController.swift in Sources */ = {isa = PBXBuildFile; fileRef = DA668C9028770745001EE1C9 /* HomeViewController.swift */; };
		DA668C932877076B001EE1C9 /* SearchViewController.swift in Sources */ = {isa = PBXBuildFile; fileRef = DA668C922877076B001EE1C9 /* SearchViewController.swift */; };
		DA668C9528770794001EE1C9 /* LibraryViewController.swift in Sources */ = {isa = PBXBuildFile; fileRef = DA668C9428770794001EE1C9 /* LibraryViewController.swift */; };
		DA668C97287707C4001EE1C9 /* ProfileViewController.swift in Sources */ = {isa = PBXBuildFile; fileRef = DA668C96287707C4001EE1C9 /* ProfileViewController.swift */; };
		DA67E0642898E57A00593251 /* PlaylistDataSource.swift in Sources */ = {isa = PBXBuildFile; fileRef = DA67E0632898E57A00593251 /* PlaylistDataSource.swift */; };
		DA67E06628994D3A00593251 /* ArtistDelegate.swift in Sources */ = {isa = PBXBuildFile; fileRef = DA67E06528994D3A00593251 /* ArtistDelegate.swift */; };
		DA67F43528890F6000062985 /* HomeVCCompositionalLayout.swift in Sources */ = {isa = PBXBuildFile; fileRef = DA67F43428890F6000062985 /* HomeVCCompositionalLayout.swift */; };
		DA67F4392889182F00062985 /* Category.swift in Sources */ = {isa = PBXBuildFile; fileRef = DA67F4382889182F00062985 /* Category.swift */; };
		DA67F43F28892FFE00062985 /* PlayerViewController.swift in Sources */ = {isa = PBXBuildFile; fileRef = DA67F43E28892FFE00062985 /* PlayerViewController.swift */; };
		DA67F44528894EA400062985 /* MiniPlayerView.swift in Sources */ = {isa = PBXBuildFile; fileRef = DA67F44428894EA400062985 /* MiniPlayerView.swift */; };
		DA67F4472889527C00062985 /* MiniPlayerDelegate.swift in Sources */ = {isa = PBXBuildFile; fileRef = DA67F4462889527C00062985 /* MiniPlayerDelegate.swift */; };
		DA67F4492889797400062985 /* PlayerDelegate.swift in Sources */ = {isa = PBXBuildFile; fileRef = DA67F4482889797400062985 /* PlayerDelegate.swift */; };
		DA6C8382287FF4DA00339937 /* SigninTableViewCell.swift in Sources */ = {isa = PBXBuildFile; fileRef = DA6C8381287FF4DA00339937 /* SigninTableViewCell.swift */; };
		DA6C838428800F6F00339937 /* LoginDelegate.swift in Sources */ = {isa = PBXBuildFile; fileRef = DA6C838328800F6F00339937 /* LoginDelegate.swift */; };
		DA6C83862880366A00339937 /* SignupDelegate.swift in Sources */ = {isa = PBXBuildFile; fileRef = DA6C83852880366A00339937 /* SignupDelegate.swift */; };
		DA6C8388288046F600339937 /* InitialViewController.swift in Sources */ = {isa = PBXBuildFile; fileRef = DA6C8387288046F600339937 /* InitialViewController.swift */; };
		DA757431288D9A5A00A4CF80 /* arabickuthu.mp3 in Resources */ = {isa = PBXBuildFile; fileRef = DA75742E288D9A5900A4CF80 /* arabickuthu.mp3 */; };
		DA757432288D9A5A00A4CF80 /* beastmode.mp3 in Resources */ = {isa = PBXBuildFile; fileRef = DA75742F288D9A5A00A4CF80 /* beastmode.mp3 */; };
		DA757433288D9A5A00A4CF80 /* jollyogymkhana.mp3 in Resources */ = {isa = PBXBuildFile; fileRef = DA757430288D9A5A00A4CF80 /* jollyogymkhana.mp3 */; };
		DA7F246E288188E600E4786F /* SongMetaDataExtractor.swift in Sources */ = {isa = PBXBuildFile; fileRef = DA7F246D288188E600E4786F /* SongMetaDataExtractor.swift */; };
		DA946009289249C100FEB486 /* ullamurugudhaiya.mp3 in Resources */ = {isa = PBXBuildFile; fileRef = DA946008289249C100FEB486 /* ullamurugudhaiya.mp3 */; };
		DABA1435289791D700DAAF13 /* PlaylistViewController.swift in Sources */ = {isa = PBXBuildFile; fileRef = DABA1434289791D700DAAF13 /* PlaylistViewController.swift */; };
		DABA14422897B16900DAAF13 /* Album+CoreDataClass.swift in Sources */ = {isa = PBXBuildFile; fileRef = DABA143E2897B16900DAAF13 /* Album+CoreDataClass.swift */; };
		DABA14432897B16900DAAF13 /* Album+CoreDataProperties.swift in Sources */ = {isa = PBXBuildFile; fileRef = DABA143F2897B16900DAAF13 /* Album+CoreDataProperties.swift */; };
		DABA14442897B16900DAAF13 /* Artist+CoreDataClass.swift in Sources */ = {isa = PBXBuildFile; fileRef = DABA14402897B16900DAAF13 /* Artist+CoreDataClass.swift */; };
		DABA14452897B16900DAAF13 /* Artist+CoreDataProperties.swift in Sources */ = {isa = PBXBuildFile; fileRef = DABA14412897B16900DAAF13 /* Artist+CoreDataProperties.swift */; };
		DADCAE02287445E70017A174 /* reverberate_logo_transparent.png in Resources */ = {isa = PBXBuildFile; fileRef = DADCAE01287445E70017A174 /* reverberate_logo_transparent.png */; };
		DAF64917287553020061C29B /* CustomTableViewCell.swift in Sources */ = {isa = PBXBuildFile; fileRef = DAF64916287553020061C29B /* CustomTableViewCell.swift */; };
		DAFC0AD32893A6A600EECE4B /* Playlist+CoreDataClass.swift in Sources */ = {isa = PBXBuildFile; fileRef = DAFC0AC92893A6A600EECE4B /* Playlist+CoreDataClass.swift */; };
		DAFC0AD42893A6A600EECE4B /* Playlist+CoreDataProperties.swift in Sources */ = {isa = PBXBuildFile; fileRef = DAFC0ACA2893A6A600EECE4B /* Playlist+CoreDataProperties.swift */; };
		DAFC0AD52893A6A600EECE4B /* Song+CoreDataClass.swift in Sources */ = {isa = PBXBuildFile; fileRef = DAFC0ACB2893A6A600EECE4B /* Song+CoreDataClass.swift */; };
		DAFC0AD62893A6A600EECE4B /* Song+CoreDataProperties.swift in Sources */ = {isa = PBXBuildFile; fileRef = DAFC0ACC2893A6A600EECE4B /* Song+CoreDataProperties.swift */; };
		DAFC0AD72893A6A600EECE4B /* User+CoreDataClass.swift in Sources */ = {isa = PBXBuildFile; fileRef = DAFC0ACD2893A6A600EECE4B /* User+CoreDataClass.swift */; };
		DAFC0AD82893A6A600EECE4B /* User+CoreDataProperties.swift in Sources */ = {isa = PBXBuildFile; fileRef = DAFC0ACE2893A6A600EECE4B /* User+CoreDataProperties.swift */; };
		DAFC0AE02893D59100EECE4B /* ArtistViewController.swift in Sources */ = {isa = PBXBuildFile; fileRef = DAFC0ADF2893D59100EECE4B /* ArtistViewController.swift */; };
		DAFC0AE22893D81200EECE4B /* SearchResultDelegate.swift in Sources */ = {isa = PBXBuildFile; fileRef = DAFC0AE12893D81200EECE4B /* SearchResultDelegate.swift */; };
		DAFC0AE62893ED7500EECE4B /* StretchyArtistHeaderView.swift in Sources */ = {isa = PBXBuildFile; fileRef = DAFC0AE52893ED7500EECE4B /* StretchyArtistHeaderView.swift */; };
/* End PBXBuildFile section */

/* Begin PBXFileReference section */
		DA12E695288E559100D502EC /* SongArtistsViewController.swift */ = {isa = PBXFileReference; lastKnownFileType = sourcecode.swift; path = SongArtistsViewController.swift; sourceTree = "<group>"; };
		DA12E697288E5AB300D502EC /* ArtistCVCell.swift */ = {isa = PBXFileReference; lastKnownFileType = sourcecode.swift; path = ArtistCVCell.swift; sourceTree = "<group>"; };
		DA12E699288E937800D502EC /* DataManager.swift */ = {isa = PBXFileReference; lastKnownFileType = sourcecode.swift; path = DataManager.swift; sourceTree = "<group>"; };
		DA12E69B288E94BF00D502EC /* AlbumSegregator.swift */ = {isa = PBXFileReference; lastKnownFileType = sourcecode.swift; path = AlbumSegregator.swift; sourceTree = "<group>"; };
		DA2810B8287BDDBB006EEF60 /* EditProfileViewController.swift */ = {isa = PBXFileReference; lastKnownFileType = sourcecode.swift; path = EditProfileViewController.swift; sourceTree = "<group>"; };
		DA2810BC287C2588006EEF60 /* LabeledInfoTableViewCell.swift */ = {isa = PBXFileReference; lastKnownFileType = sourcecode.swift; path = LabeledInfoTableViewCell.swift; sourceTree = "<group>"; };
		DA28A348287414E900E36382 /* SignupViewController.swift */ = {isa = PBXFileReference; lastKnownFileType = sourcecode.swift; path = SignupViewController.swift; sourceTree = "<group>"; };
		DA28A34A287414F700E36382 /* LoginViewController.swift */ = {isa = PBXFileReference; lastKnownFileType = sourcecode.swift; path = LoginViewController.swift; sourceTree = "<group>"; };
		DA28A34C2874157C00E36382 /* OnboardingViewController.swift */ = {isa = PBXFileReference; lastKnownFileType = sourcecode.swift; path = OnboardingViewController.swift; sourceTree = "<group>"; };
		DA28A363287431AC00E36382 /* BebasFixNeue.ttf */ = {isa = PBXFileReference; lastKnownFileType = file; path = BebasFixNeue.ttf; sourceTree = "<group>"; };
		DA28A365287431BF00E36382 /* BubblegumSans-Regular.ttf */ = {isa = PBXFileReference; lastKnownFileType = file; path = "BubblegumSans-Regular.ttf"; sourceTree = "<group>"; };
		DA45569A287402C400804CB8 /* Reverberate.app */ = {isa = PBXFileReference; explicitFileType = wrapper.application; includeInIndex = 0; path = Reverberate.app; sourceTree = BUILT_PRODUCTS_DIR; };
		DA45569D287402C400804CB8 /* AppDelegate.swift */ = {isa = PBXFileReference; lastKnownFileType = sourcecode.swift; path = AppDelegate.swift; sourceTree = "<group>"; };
		DA45569F287402C400804CB8 /* SceneDelegate.swift */ = {isa = PBXFileReference; lastKnownFileType = sourcecode.swift; path = SceneDelegate.swift; sourceTree = "<group>"; };
		DA4556A7287402C400804CB8 /* Reverberate.xcdatamodel */ = {isa = PBXFileReference; lastKnownFileType = wrapper.xcdatamodel; path = Reverberate.xcdatamodel; sourceTree = "<group>"; };
		DA4556A9287402C600804CB8 /* Assets.xcassets */ = {isa = PBXFileReference; lastKnownFileType = folder.assetcatalog; path = Assets.xcassets; sourceTree = "<group>"; };
		DA4556AC287402C600804CB8 /* Base */ = {isa = PBXFileReference; lastKnownFileType = file.storyboard; name = Base; path = Base.lproj/LaunchScreen.storyboard; sourceTree = "<group>"; };
		DA4556AE287402C600804CB8 /* Info.plist */ = {isa = PBXFileReference; lastKnownFileType = text.plist.xml; path = Info.plist; sourceTree = "<group>"; };
		DA4556C728740A7000804CB8 /* MainViewController.swift */ = {isa = PBXFileReference; lastKnownFileType = sourcecode.swift; path = MainViewController.swift; sourceTree = "<group>"; };
		DA4556CF28740B2000804CB8 /* Extensions.swift */ = {isa = PBXFileReference; lastKnownFileType = sourcecode.swift; path = Extensions.swift; sourceTree = "<group>"; };
		DA4556D128740CD200804CB8 /* GlobalConstants.swift */ = {isa = PBXFileReference; lastKnownFileType = sourcecode.swift; path = GlobalConstants.swift; sourceTree = "<group>"; };
		DA562A8C2891507E0017EEF2 /* halamathitelugu.mp3 */ = {isa = PBXFileReference; lastKnownFileType = audio.mp3; path = halamathitelugu.mp3; sourceTree = "<group>"; };
		DA562A8D2891507E0017EEF2 /* jollyogymkhanatelugu.mp3 */ = {isa = PBXFileReference; lastKnownFileType = audio.mp3; path = jollyogymkhanatelugu.mp3; sourceTree = "<group>"; };
		DA562A8E2891507E0017EEF2 /* beastmodetelugu.mp3 */ = {isa = PBXFileReference; lastKnownFileType = audio.mp3; path = beastmodetelugu.mp3; sourceTree = "<group>"; };
		DA562A932891668A0017EEF2 /* DataProcessor.swift */ = {isa = PBXFileReference; lastKnownFileType = sourcecode.swift; path = DataProcessor.swift; sourceTree = "<group>"; };
		DA58B5522877ED0A00BDAE4B /* GenreSelectionDelegate.swift */ = {isa = PBXFileReference; lastKnownFileType = sourcecode.swift; path = GenreSelectionDelegate.swift; sourceTree = "<group>"; };
		DA58B5542877ED5D00BDAE4B /* GenreSelectionCollectionViewController.swift */ = {isa = PBXFileReference; lastKnownFileType = sourcecode.swift; path = GenreSelectionCollectionViewController.swift; sourceTree = "<group>"; };
		DA58B5562877ED9800BDAE4B /* LanguageSelectionCollectionViewController.swift */ = {isa = PBXFileReference; lastKnownFileType = sourcecode.swift; path = LanguageSelectionCollectionViewController.swift; sourceTree = "<group>"; };
		DA58B55A2878104900BDAE4B /* CustomVisualEffectView.swift */ = {isa = PBXFileReference; lastKnownFileType = sourcecode.swift; path = CustomVisualEffectView.swift; sourceTree = "<group>"; };
		DA5CE9682887C8F40066AB2E /* HeaderCVReusableView.swift */ = {isa = PBXFileReference; lastKnownFileType = sourcecode.swift; path = HeaderCVReusableView.swift; sourceTree = "<group>"; };
		DA5CE96A2887D90A0066AB2E /* PosterDetailCVCell.swift */ = {isa = PBXFileReference; lastKnownFileType = sourcecode.swift; path = PosterDetailCVCell.swift; sourceTree = "<group>"; };
		DA5CE96C28880D1D0066AB2E /* ArtistType.swift */ = {isa = PBXFileReference; lastKnownFileType = sourcecode.swift; path = ArtistType.swift; sourceTree = "<group>"; };
		DA5CE99A2888145A0066AB2E /* ArtistWrapper.swift */ = {isa = PBXFileReference; lastKnownFileType = sourcecode.swift; path = ArtistWrapper.swift; sourceTree = "<group>"; };
		DA5CE99C288815080066AB2E /* SongWrapper.swift */ = {isa = PBXFileReference; lastKnownFileType = sourcecode.swift; path = SongWrapper.swift; sourceTree = "<group>"; };
		DA5CE99E288815EB0066AB2E /* PlaylistWrapper.swift */ = {isa = PBXFileReference; lastKnownFileType = sourcecode.swift; path = PlaylistWrapper.swift; sourceTree = "<group>"; };
		DA5CE9A0288815FB0066AB2E /* AlbumWrapper.swift */ = {isa = PBXFileReference; lastKnownFileType = sourcecode.swift; path = AlbumWrapper.swift; sourceTree = "<group>"; };
		DA65D3B22886674300173F56 /* SearchResultsViewController.swift */ = {isa = PBXFileReference; lastKnownFileType = sourcecode.swift; path = SearchResultsViewController.swift; sourceTree = "<group>"; };
		DA65D3B428866D5000173F56 /* GlobalVariables.swift */ = {isa = PBXFileReference; lastKnownFileType = sourcecode.swift; path = GlobalVariables.swift; sourceTree = "<group>"; };
		DA65D3B628866FA700173F56 /* CategoricalSongsViewController.swift */ = {isa = PBXFileReference; lastKnownFileType = sourcecode.swift; path = CategoricalSongsViewController.swift; sourceTree = "<group>"; };
		DA65D3B82886868B00173F56 /* TitleCardCVCell.swift */ = {isa = PBXFileReference; lastKnownFileType = sourcecode.swift; path = TitleCardCVCell.swift; sourceTree = "<group>"; };
		DA65D3BA288695F400173F56 /* LibraryResultsViewController.swift */ = {isa = PBXFileReference; lastKnownFileType = sourcecode.swift; path = LibraryResultsViewController.swift; sourceTree = "<group>"; };
		DA65D3BC2886C6F200173F56 /* LibraryPlaylistsViewController.swift */ = {isa = PBXFileReference; lastKnownFileType = sourcecode.swift; path = LibraryPlaylistsViewController.swift; sourceTree = "<group>"; };
		DA65D3BE2886C70C00173F56 /* LibraryFavouritesViewController.swift */ = {isa = PBXFileReference; lastKnownFileType = sourcecode.swift; path = LibraryFavouritesViewController.swift; sourceTree = "<group>"; };
		DA65D3C02886E28900173F56 /* SortOptionsHeaderView.swift */ = {isa = PBXFileReference; lastKnownFileType = sourcecode.swift; path = SortOptionsHeaderView.swift; sourceTree = "<group>"; };
		DA668C6D28769AC8001EE1C9 /* InputValidator.swift */ = {isa = PBXFileReference; lastKnownFileType = sourcecode.swift; path = InputValidator.swift; sourceTree = "<group>"; };
		DA668C792876D936001EE1C9 /* Language.swift */ = {isa = PBXFileReference; lastKnownFileType = sourcecode.swift; path = Language.swift; sourceTree = "<group>"; };
		DA668C7B2876DB1B001EE1C9 /* MusicGenre.swift */ = {isa = PBXFileReference; lastKnownFileType = sourcecode.swift; path = MusicGenre.swift; sourceTree = "<group>"; };
		DA668C8C2876DE5E001EE1C9 /* LanguageSelectionDelegate.swift */ = {isa = PBXFileReference; lastKnownFileType = sourcecode.swift; path = LanguageSelectionDelegate.swift; sourceTree = "<group>"; };
		DA668C8E2876E038001EE1C9 /* SelectionCardCVCell.swift */ = {isa = PBXFileReference; lastKnownFileType = sourcecode.swift; path = SelectionCardCVCell.swift; sourceTree = "<group>"; };
		DA668C9028770745001EE1C9 /* HomeViewController.swift */ = {isa = PBXFileReference; lastKnownFileType = sourcecode.swift; path = HomeViewController.swift; sourceTree = "<group>"; };
		DA668C922877076B001EE1C9 /* SearchViewController.swift */ = {isa = PBXFileReference; lastKnownFileType = sourcecode.swift; path = SearchViewController.swift; sourceTree = "<group>"; };
		DA668C9428770794001EE1C9 /* LibraryViewController.swift */ = {isa = PBXFileReference; lastKnownFileType = sourcecode.swift; path = LibraryViewController.swift; sourceTree = "<group>"; };
		DA668C96287707C4001EE1C9 /* ProfileViewController.swift */ = {isa = PBXFileReference; lastKnownFileType = sourcecode.swift; path = ProfileViewController.swift; sourceTree = "<group>"; };
		DA67E0632898E57A00593251 /* PlaylistDataSource.swift */ = {isa = PBXFileReference; lastKnownFileType = sourcecode.swift; path = PlaylistDataSource.swift; sourceTree = "<group>"; };
		DA67E06528994D3A00593251 /* ArtistDelegate.swift */ = {isa = PBXFileReference; lastKnownFileType = sourcecode.swift; path = ArtistDelegate.swift; sourceTree = "<group>"; };
		DA67F43428890F6000062985 /* HomeVCCompositionalLayout.swift */ = {isa = PBXFileReference; lastKnownFileType = sourcecode.swift; path = HomeVCCompositionalLayout.swift; sourceTree = "<group>"; };
		DA67F4382889182F00062985 /* Category.swift */ = {isa = PBXFileReference; lastKnownFileType = sourcecode.swift; path = Category.swift; sourceTree = "<group>"; };
		DA67F43E28892FFE00062985 /* PlayerViewController.swift */ = {isa = PBXFileReference; lastKnownFileType = sourcecode.swift; path = PlayerViewController.swift; sourceTree = "<group>"; };
		DA67F44428894EA400062985 /* MiniPlayerView.swift */ = {isa = PBXFileReference; lastKnownFileType = sourcecode.swift; path = MiniPlayerView.swift; sourceTree = "<group>"; };
		DA67F4462889527C00062985 /* MiniPlayerDelegate.swift */ = {isa = PBXFileReference; lastKnownFileType = sourcecode.swift; path = MiniPlayerDelegate.swift; sourceTree = "<group>"; };
		DA67F4482889797400062985 /* PlayerDelegate.swift */ = {isa = PBXFileReference; lastKnownFileType = sourcecode.swift; path = PlayerDelegate.swift; sourceTree = "<group>"; };
		DA6C8381287FF4DA00339937 /* SigninTableViewCell.swift */ = {isa = PBXFileReference; lastKnownFileType = sourcecode.swift; path = SigninTableViewCell.swift; sourceTree = "<group>"; };
		DA6C838328800F6F00339937 /* LoginDelegate.swift */ = {isa = PBXFileReference; lastKnownFileType = sourcecode.swift; path = LoginDelegate.swift; sourceTree = "<group>"; };
		DA6C83852880366A00339937 /* SignupDelegate.swift */ = {isa = PBXFileReference; lastKnownFileType = sourcecode.swift; path = SignupDelegate.swift; sourceTree = "<group>"; };
		DA6C8387288046F600339937 /* InitialViewController.swift */ = {isa = PBXFileReference; lastKnownFileType = sourcecode.swift; path = InitialViewController.swift; sourceTree = "<group>"; };
		DA75742E288D9A5900A4CF80 /* arabickuthu.mp3 */ = {isa = PBXFileReference; lastKnownFileType = audio.mp3; path = arabickuthu.mp3; sourceTree = "<group>"; };
		DA75742F288D9A5A00A4CF80 /* beastmode.mp3 */ = {isa = PBXFileReference; lastKnownFileType = audio.mp3; path = beastmode.mp3; sourceTree = "<group>"; };
		DA757430288D9A5A00A4CF80 /* jollyogymkhana.mp3 */ = {isa = PBXFileReference; lastKnownFileType = audio.mp3; path = jollyogymkhana.mp3; sourceTree = "<group>"; };
		DA7F246D288188E600E4786F /* SongMetaDataExtractor.swift */ = {isa = PBXFileReference; lastKnownFileType = sourcecode.swift; path = SongMetaDataExtractor.swift; sourceTree = "<group>"; };
		DA946008289249C100FEB486 /* ullamurugudhaiya.mp3 */ = {isa = PBXFileReference; lastKnownFileType = audio.mp3; path = ullamurugudhaiya.mp3; sourceTree = "<group>"; };
		DABA1434289791D700DAAF13 /* PlaylistViewController.swift */ = {isa = PBXFileReference; lastKnownFileType = sourcecode.swift; path = PlaylistViewController.swift; sourceTree = "<group>"; };
		DABA143E2897B16900DAAF13 /* Album+CoreDataClass.swift */ = {isa = PBXFileReference; lastKnownFileType = sourcecode.swift; path = "Album+CoreDataClass.swift"; sourceTree = "<group>"; };
		DABA143F2897B16900DAAF13 /* Album+CoreDataProperties.swift */ = {isa = PBXFileReference; lastKnownFileType = sourcecode.swift; path = "Album+CoreDataProperties.swift"; sourceTree = "<group>"; };
		DABA14402897B16900DAAF13 /* Artist+CoreDataClass.swift */ = {isa = PBXFileReference; lastKnownFileType = sourcecode.swift; path = "Artist+CoreDataClass.swift"; sourceTree = "<group>"; };
		DABA14412897B16900DAAF13 /* Artist+CoreDataProperties.swift */ = {isa = PBXFileReference; lastKnownFileType = sourcecode.swift; path = "Artist+CoreDataProperties.swift"; sourceTree = "<group>"; };
		DADCAE01287445E70017A174 /* reverberate_logo_transparent.png */ = {isa = PBXFileReference; lastKnownFileType = image.png; path = reverberate_logo_transparent.png; sourceTree = "<group>"; };
		DAF64916287553020061C29B /* CustomTableViewCell.swift */ = {isa = PBXFileReference; lastKnownFileType = sourcecode.swift; path = CustomTableViewCell.swift; sourceTree = "<group>"; };
		DAFC0AC92893A6A600EECE4B /* Playlist+CoreDataClass.swift */ = {isa = PBXFileReference; lastKnownFileType = sourcecode.swift; path = "Playlist+CoreDataClass.swift"; sourceTree = "<group>"; };
		DAFC0ACA2893A6A600EECE4B /* Playlist+CoreDataProperties.swift */ = {isa = PBXFileReference; lastKnownFileType = sourcecode.swift; path = "Playlist+CoreDataProperties.swift"; sourceTree = "<group>"; };
		DAFC0ACB2893A6A600EECE4B /* Song+CoreDataClass.swift */ = {isa = PBXFileReference; lastKnownFileType = sourcecode.swift; path = "Song+CoreDataClass.swift"; sourceTree = "<group>"; };
		DAFC0ACC2893A6A600EECE4B /* Song+CoreDataProperties.swift */ = {isa = PBXFileReference; lastKnownFileType = sourcecode.swift; path = "Song+CoreDataProperties.swift"; sourceTree = "<group>"; };
		DAFC0ACD2893A6A600EECE4B /* User+CoreDataClass.swift */ = {isa = PBXFileReference; lastKnownFileType = sourcecode.swift; path = "User+CoreDataClass.swift"; sourceTree = "<group>"; };
		DAFC0ACE2893A6A600EECE4B /* User+CoreDataProperties.swift */ = {isa = PBXFileReference; lastKnownFileType = sourcecode.swift; path = "User+CoreDataProperties.swift"; sourceTree = "<group>"; };
		DAFC0ADF2893D59100EECE4B /* ArtistViewController.swift */ = {isa = PBXFileReference; lastKnownFileType = sourcecode.swift; path = ArtistViewController.swift; sourceTree = "<group>"; };
		DAFC0AE12893D81200EECE4B /* SearchResultDelegate.swift */ = {isa = PBXFileReference; lastKnownFileType = sourcecode.swift; path = SearchResultDelegate.swift; sourceTree = "<group>"; };
		DAFC0AE52893ED7500EECE4B /* StretchyArtistHeaderView.swift */ = {isa = PBXFileReference; lastKnownFileType = sourcecode.swift; path = StretchyArtistHeaderView.swift; sourceTree = "<group>"; };
/* End PBXFileReference section */

/* Begin PBXFrameworksBuildPhase section */
		DA455697287402C400804CB8 /* Frameworks */ = {
			isa = PBXFrameworksBuildPhase;
			buildActionMask = 2147483647;
			files = (
			);
			runOnlyForDeploymentPostprocessing = 0;
		};
/* End PBXFrameworksBuildPhase section */

/* Begin PBXGroup section */
		DA28A3502874201B00E36382 /* Fonts */ = {
			isa = PBXGroup;
			children = (
				DA28A365287431BF00E36382 /* BubblegumSans-Regular.ttf */,
				DA28A363287431AC00E36382 /* BebasFixNeue.ttf */,
			);
			path = Fonts;
			sourceTree = "<group>";
		};
		DA455691287402C400804CB8 = {
			isa = PBXGroup;
			children = (
				DADCAE01287445E70017A174 /* reverberate_logo_transparent.png */,
				DA45569C287402C400804CB8 /* Reverberate */,
				DA45569B287402C400804CB8 /* Products */,
			);
			sourceTree = "<group>";
		};
		DA45569B287402C400804CB8 /* Products */ = {
			isa = PBXGroup;
			children = (
				DA45569A287402C400804CB8 /* Reverberate.app */,
			);
			name = Products;
			sourceTree = "<group>";
		};
		DA45569C287402C400804CB8 /* Reverberate */ = {
			isa = PBXGroup;
			children = (
				DA67F43328890F4900062985 /* Layouts */,
				DA7F245F2881827200E4786F /* Resources */,
				DA4556C928740AD900804CB8 /* Views */,
				DA668C8B2876DE2B001EE1C9 /* Abstract */,
				DA28A3502874201B00E36382 /* Fonts */,
				DA4556CE28740B0600804CB8 /* Managers */,
				DA4556CD28740AFD00804CB8 /* Extensions */,
				DA4556CB28740AEB00804CB8 /* Utitlities */,
				DA4556CA28740AE300804CB8 /* Models */,
				DA4556C628740A5C00804CB8 /* Controllers */,
				DA45569D287402C400804CB8 /* AppDelegate.swift */,
				DA45569F287402C400804CB8 /* SceneDelegate.swift */,
				DA4556A9287402C600804CB8 /* Assets.xcassets */,
				DA4556AB287402C600804CB8 /* LaunchScreen.storyboard */,
				DA4556AE287402C600804CB8 /* Info.plist */,
				DA4556A6287402C400804CB8 /* Reverberate.xcdatamodeld */,
			);
			path = Reverberate;
			sourceTree = "<group>";
		};
		DA4556C628740A5C00804CB8 /* Controllers */ = {
			isa = PBXGroup;
			children = (
				DA4556C728740A7000804CB8 /* MainViewController.swift */,
				DA28A348287414E900E36382 /* SignupViewController.swift */,
				DA58B5542877ED5D00BDAE4B /* GenreSelectionCollectionViewController.swift */,
				DA28A34A287414F700E36382 /* LoginViewController.swift */,
				DA28A34C2874157C00E36382 /* OnboardingViewController.swift */,
				DA668C9028770745001EE1C9 /* HomeViewController.swift */,
				DA668C922877076B001EE1C9 /* SearchViewController.swift */,
				DA668C9428770794001EE1C9 /* LibraryViewController.swift */,
				DA668C96287707C4001EE1C9 /* ProfileViewController.swift */,
				DA58B5562877ED9800BDAE4B /* LanguageSelectionCollectionViewController.swift */,
				DA2810B8287BDDBB006EEF60 /* EditProfileViewController.swift */,
				DA6C8387288046F600339937 /* InitialViewController.swift */,
				DA65D3B22886674300173F56 /* SearchResultsViewController.swift */,
				DA65D3B628866FA700173F56 /* CategoricalSongsViewController.swift */,
				DA65D3BA288695F400173F56 /* LibraryResultsViewController.swift */,
				DA65D3BC2886C6F200173F56 /* LibraryPlaylistsViewController.swift */,
				DA65D3BE2886C70C00173F56 /* LibraryFavouritesViewController.swift */,
				DA67F43E28892FFE00062985 /* PlayerViewController.swift */,
				DA12E695288E559100D502EC /* SongArtistsViewController.swift */,
				DAFC0ADF2893D59100EECE4B /* ArtistViewController.swift */,
				DABA1434289791D700DAAF13 /* PlaylistViewController.swift */,
			);
			path = Controllers;
			sourceTree = "<group>";
		};
		DA4556C928740AD900804CB8 /* Views */ = {
			isa = PBXGroup;
			children = (
				DA668C8E2876E038001EE1C9 /* SelectionCardCVCell.swift */,
				DAF64916287553020061C29B /* CustomTableViewCell.swift */,
				DA58B55A2878104900BDAE4B /* CustomVisualEffectView.swift */,
				DA2810BC287C2588006EEF60 /* LabeledInfoTableViewCell.swift */,
				DA6C8381287FF4DA00339937 /* SigninTableViewCell.swift */,
				DA65D3C02886E28900173F56 /* SortOptionsHeaderView.swift */,
				DA65D3B82886868B00173F56 /* TitleCardCVCell.swift */,
				DA5CE9682887C8F40066AB2E /* HeaderCVReusableView.swift */,
				DA5CE96A2887D90A0066AB2E /* PosterDetailCVCell.swift */,
				DA67F44428894EA400062985 /* MiniPlayerView.swift */,
				DA12E697288E5AB300D502EC /* ArtistCVCell.swift */,
				DAFC0AE52893ED7500EECE4B /* StretchyArtistHeaderView.swift */,
			);
			path = Views;
			sourceTree = "<group>";
		};
		DA4556CA28740AE300804CB8 /* Models */ = {
			isa = PBXGroup;
			children = (
				DABA143E2897B16900DAAF13 /* Album+CoreDataClass.swift */,
				DABA143F2897B16900DAAF13 /* Album+CoreDataProperties.swift */,
				DABA14402897B16900DAAF13 /* Artist+CoreDataClass.swift */,
				DABA14412897B16900DAAF13 /* Artist+CoreDataProperties.swift */,
				DAFC0AC92893A6A600EECE4B /* Playlist+CoreDataClass.swift */,
				DAFC0ACA2893A6A600EECE4B /* Playlist+CoreDataProperties.swift */,
				DAFC0ACB2893A6A600EECE4B /* Song+CoreDataClass.swift */,
				DAFC0ACC2893A6A600EECE4B /* Song+CoreDataProperties.swift */,
				DAFC0ACD2893A6A600EECE4B /* User+CoreDataClass.swift */,
				DAFC0ACE2893A6A600EECE4B /* User+CoreDataProperties.swift */,
				DA5CE99A2888145A0066AB2E /* ArtistWrapper.swift */,
				DA5CE99C288815080066AB2E /* SongWrapper.swift */,
				DA5CE99E288815EB0066AB2E /* PlaylistWrapper.swift */,
				DA5CE9A0288815FB0066AB2E /* AlbumWrapper.swift */,
			);
			path = Models;
			sourceTree = "<group>";
		};
		DA4556CB28740AEB00804CB8 /* Utitlities */ = {
			isa = PBXGroup;
			children = (
				DA4556D128740CD200804CB8 /* GlobalConstants.swift */,
				DA668C6D28769AC8001EE1C9 /* InputValidator.swift */,
				DA668C792876D936001EE1C9 /* Language.swift */,
				DA668C7B2876DB1B001EE1C9 /* MusicGenre.swift */,
				DA7F246D288188E600E4786F /* SongMetaDataExtractor.swift */,
				DA65D3B428866D5000173F56 /* GlobalVariables.swift */,
				DA5CE96C28880D1D0066AB2E /* ArtistType.swift */,
				DA67F4382889182F00062985 /* Category.swift */,
				DA12E69B288E94BF00D502EC /* AlbumSegregator.swift */,
				DA562A932891668A0017EEF2 /* DataProcessor.swift */,
			);
			path = Utitlities;
			sourceTree = "<group>";
		};
		DA4556CD28740AFD00804CB8 /* Extensions */ = {
			isa = PBXGroup;
			children = (
				DA4556CF28740B2000804CB8 /* Extensions.swift */,
			);
			path = Extensions;
			sourceTree = "<group>";
		};
		DA4556CE28740B0600804CB8 /* Managers */ = {
			isa = PBXGroup;
			children = (
				DA12E699288E937800D502EC /* DataManager.swift */,
			);
			path = Managers;
			sourceTree = "<group>";
		};
		DA562A89289150690017EEF2 /* Rock */ = {
			isa = PBXGroup;
			children = (
				DA562A8D2891507E0017EEF2 /* jollyogymkhanatelugu.mp3 */,
				DA562A8E2891507E0017EEF2 /* beastmodetelugu.mp3 */,
				DA562A8C2891507E0017EEF2 /* halamathitelugu.mp3 */,
			);
			path = Rock;
			sourceTree = "<group>";
		};
		DA668C8B2876DE2B001EE1C9 /* Abstract */ = {
			isa = PBXGroup;
			children = (
				DA668C8C2876DE5E001EE1C9 /* LanguageSelectionDelegate.swift */,
				DA58B5522877ED0A00BDAE4B /* GenreSelectionDelegate.swift */,
				DA6C838328800F6F00339937 /* LoginDelegate.swift */,
				DA6C83852880366A00339937 /* SignupDelegate.swift */,
				DA67F4462889527C00062985 /* MiniPlayerDelegate.swift */,
				DA67F4482889797400062985 /* PlayerDelegate.swift */,
				DAFC0AE12893D81200EECE4B /* SearchResultDelegate.swift */,
				DA67E0632898E57A00593251 /* PlaylistDataSource.swift */,
				DA67E06528994D3A00593251 /* ArtistDelegate.swift */,
			);
			path = Abstract;
			sourceTree = "<group>";
		};
		DA67F43328890F4900062985 /* Layouts */ = {
			isa = PBXGroup;
			children = (
				DA67F43428890F6000062985 /* HomeVCCompositionalLayout.swift */,
			);
			path = Layouts;
			sourceTree = "<group>";
		};
		DA7F245F2881827200E4786F /* Resources */ = {
			isa = PBXGroup;
			children = (
				DA7F24602881827F00E4786F /* Songs */,
			);
			path = Resources;
			sourceTree = "<group>";
		};
		DA7F24602881827F00E4786F /* Songs */ = {
			isa = PBXGroup;
			children = (
				DA7F247A2881965E00E4786F /* Telugu */,
				DA7F24742881962400E4786F /* Kannada */,
				DA7F246A2881866900E4786F /* Malayalam */,
				DA7F24612881828B00E4786F /* Tamil */,
			);
			path = Songs;
			sourceTree = "<group>";
		};
		DA7F24612881828B00E4786F /* Tamil */ = {
			isa = PBXGroup;
			children = (
				DA9460052892490A00FEB486 /* Classical */,
				DA7F24692881866300E4786F /* Folk */,
				DA7F24682881864C00E4786F /* Western */,
				DA7F2467288185DE00E4786F /* Rock */,
				DA7F24622881829800E4786F /* Melody */,
			);
			path = Tamil;
			sourceTree = "<group>";
		};
		DA7F24622881829800E4786F /* Melody */ = {
			isa = PBXGroup;
			children = (
			);
			path = Melody;
			sourceTree = "<group>";
		};
		DA7F2467288185DE00E4786F /* Rock */ = {
			isa = PBXGroup;
			children = (
				DA75742E288D9A5900A4CF80 /* arabickuthu.mp3 */,
				DA75742F288D9A5A00A4CF80 /* beastmode.mp3 */,
				DA757430288D9A5A00A4CF80 /* jollyogymkhana.mp3 */,
			);
			path = Rock;
			sourceTree = "<group>";
		};
		DA7F24682881864C00E4786F /* Western */ = {
			isa = PBXGroup;
			children = (
			);
			path = Western;
			sourceTree = "<group>";
		};
		DA7F24692881866300E4786F /* Folk */ = {
			isa = PBXGroup;
			children = (
			);
			path = Folk;
			sourceTree = "<group>";
		};
		DA7F246A2881866900E4786F /* Malayalam */ = {
			isa = PBXGroup;
			children = (
				DA7F24732881961800E4786F /* Western */,
				DA7F24722881961200E4786F /* Folk */,
				DA7F24712881960B00E4786F /* Rock */,
				DA7F246C2881868F00E4786F /* Melody */,
				DA7F246B2881868600E4786F /* Classical */,
			);
			path = Malayalam;
			sourceTree = "<group>";
		};
		DA7F246B2881868600E4786F /* Classical */ = {
			isa = PBXGroup;
			children = (
			);
			path = Classical;
			sourceTree = "<group>";
		};
		DA7F246C2881868F00E4786F /* Melody */ = {
			isa = PBXGroup;
			children = (
			);
			path = Melody;
			sourceTree = "<group>";
		};
		DA7F24712881960B00E4786F /* Rock */ = {
			isa = PBXGroup;
			children = (
			);
			path = Rock;
			sourceTree = "<group>";
		};
		DA7F24722881961200E4786F /* Folk */ = {
			isa = PBXGroup;
			children = (
			);
			path = Folk;
			sourceTree = "<group>";
		};
		DA7F24732881961800E4786F /* Western */ = {
			isa = PBXGroup;
			children = (
			);
			path = Western;
			sourceTree = "<group>";
		};
		DA7F24742881962400E4786F /* Kannada */ = {
			isa = PBXGroup;
			children = (
				DA7F24792881965500E4786F /* Folk */,
				DA7F24782881964C00E4786F /* Western */,
				DA7F24772881964600E4786F /* Rock */,
				DA7F24762881963D00E4786F /* Classical */,
				DA7F24752881962F00E4786F /* Melody */,
			);
			path = Kannada;
			sourceTree = "<group>";
		};
		DA7F24752881962F00E4786F /* Melody */ = {
			isa = PBXGroup;
			children = (
			);
			path = Melody;
			sourceTree = "<group>";
		};
		DA7F24762881963D00E4786F /* Classical */ = {
			isa = PBXGroup;
			children = (
			);
			path = Classical;
			sourceTree = "<group>";
		};
		DA7F24772881964600E4786F /* Rock */ = {
			isa = PBXGroup;
			children = (
			);
			path = Rock;
			sourceTree = "<group>";
		};
		DA7F24782881964C00E4786F /* Western */ = {
			isa = PBXGroup;
			children = (
			);
			path = Western;
			sourceTree = "<group>";
		};
		DA7F24792881965500E4786F /* Folk */ = {
			isa = PBXGroup;
			children = (
			);
			path = Folk;
			sourceTree = "<group>";
		};
		DA7F247A2881965E00E4786F /* Telugu */ = {
			isa = PBXGroup;
			children = (
				DA562A89289150690017EEF2 /* Rock */,
				DA7F247B2881966900E4786F /* Folk */,
			);
			path = Telugu;
			sourceTree = "<group>";
		};
		DA7F247B2881966900E4786F /* Folk */ = {
			isa = PBXGroup;
			children = (
			);
			path = Folk;
			sourceTree = "<group>";
		};
		DA9460052892490A00FEB486 /* Classical */ = {
			isa = PBXGroup;
			children = (
				DA946008289249C100FEB486 /* ullamurugudhaiya.mp3 */,
			);
			path = Classical;
			sourceTree = "<group>";
		};
/* End PBXGroup section */

/* Begin PBXNativeTarget section */
		DA455699287402C400804CB8 /* Reverberate */ = {
			isa = PBXNativeTarget;
			buildConfigurationList = DA4556B1287402C600804CB8 /* Build configuration list for PBXNativeTarget "Reverberate" */;
			buildPhases = (
				DA455696287402C400804CB8 /* Sources */,
				DA455697287402C400804CB8 /* Frameworks */,
				DA455698287402C400804CB8 /* Resources */,
			);
			buildRules = (
			);
			dependencies = (
			);
			name = Reverberate;
			productName = Reverberate;
			productReference = DA45569A287402C400804CB8 /* Reverberate.app */;
			productType = "com.apple.product-type.application";
		};
/* End PBXNativeTarget section */

/* Begin PBXProject section */
		DA455692287402C400804CB8 /* Project object */ = {
			isa = PBXProject;
			attributes = {
				BuildIndependentTargetsInParallel = 1;
				LastSwiftUpdateCheck = 1340;
				LastUpgradeCheck = 1340;
				TargetAttributes = {
					DA455699287402C400804CB8 = {
						CreatedOnToolsVersion = 13.4;
					};
				};
			};
			buildConfigurationList = DA455695287402C400804CB8 /* Build configuration list for PBXProject "Reverberate" */;
			compatibilityVersion = "Xcode 13.0";
			developmentRegion = en;
			hasScannedForEncodings = 0;
			knownRegions = (
				en,
				Base,
			);
			mainGroup = DA455691287402C400804CB8;
			productRefGroup = DA45569B287402C400804CB8 /* Products */;
			projectDirPath = "";
			projectRoot = "";
			targets = (
				DA455699287402C400804CB8 /* Reverberate */,
			);
		};
/* End PBXProject section */

/* Begin PBXResourcesBuildPhase section */
		DA455698287402C400804CB8 /* Resources */ = {
			isa = PBXResourcesBuildPhase;
			buildActionMask = 2147483647;
			files = (
				DA757431288D9A5A00A4CF80 /* arabickuthu.mp3 in Resources */,
				DA562A912891507E0017EEF2 /* jollyogymkhanatelugu.mp3 in Resources */,
				DA757433288D9A5A00A4CF80 /* jollyogymkhana.mp3 in Resources */,
				DADCAE02287445E70017A174 /* reverberate_logo_transparent.png in Resources */,
				DA946009289249C100FEB486 /* ullamurugudhaiya.mp3 in Resources */,
				DA4556AD287402C600804CB8 /* LaunchScreen.storyboard in Resources */,
				DA4556AA287402C600804CB8 /* Assets.xcassets in Resources */,
				DA28A366287431BF00E36382 /* BubblegumSans-Regular.ttf in Resources */,
				DA28A364287431AC00E36382 /* BebasFixNeue.ttf in Resources */,
				DA562A902891507E0017EEF2 /* halamathitelugu.mp3 in Resources */,
				DA757432288D9A5A00A4CF80 /* beastmode.mp3 in Resources */,
				DA562A922891507E0017EEF2 /* beastmodetelugu.mp3 in Resources */,
			);
			runOnlyForDeploymentPostprocessing = 0;
		};
/* End PBXResourcesBuildPhase section */

/* Begin PBXSourcesBuildPhase section */
		DA455696287402C400804CB8 /* Sources */ = {
			isa = PBXSourcesBuildPhase;
			buildActionMask = 2147483647;
			files = (
				DA4556D028740B2000804CB8 /* Extensions.swift in Sources */,
				DA65D3B32886674300173F56 /* SearchResultsViewController.swift in Sources */,
				DAFC0AD52893A6A600EECE4B /* Song+CoreDataClass.swift in Sources */,
				DA67F4392889182F00062985 /* Category.swift in Sources */,
				DA58B5552877ED5D00BDAE4B /* GenreSelectionCollectionViewController.swift in Sources */,
				DABA14432897B16900DAAF13 /* Album+CoreDataProperties.swift in Sources */,
				DA58B55B2878104900BDAE4B /* CustomVisualEffectView.swift in Sources */,
				DA6C8388288046F600339937 /* InitialViewController.swift in Sources */,
				DA668C8F2876E038001EE1C9 /* SelectionCardCVCell.swift in Sources */,
				DA668C9128770745001EE1C9 /* HomeViewController.swift in Sources */,
				DA67E0642898E57A00593251 /* PlaylistDataSource.swift in Sources */,
				DA58B5532877ED0A00BDAE4B /* GenreSelectionDelegate.swift in Sources */,
				DA58B5572877ED9800BDAE4B /* LanguageSelectionCollectionViewController.swift in Sources */,
				DA67F43528890F6000062985 /* HomeVCCompositionalLayout.swift in Sources */,
				DAFC0AE02893D59100EECE4B /* ArtistViewController.swift in Sources */,
				DA668C7C2876DB1B001EE1C9 /* MusicGenre.swift in Sources */,
				DA668C9528770794001EE1C9 /* LibraryViewController.swift in Sources */,
				DA65D3B92886868B00173F56 /* TitleCardCVCell.swift in Sources */,
				DABA1435289791D700DAAF13 /* PlaylistViewController.swift in Sources */,
				DA12E698288E5AB300D502EC /* ArtistCVCell.swift in Sources */,
				DAFC0AD42893A6A600EECE4B /* Playlist+CoreDataProperties.swift in Sources */,
				DA7F246E288188E600E4786F /* SongMetaDataExtractor.swift in Sources */,
				DA5CE9A1288815FB0066AB2E /* AlbumWrapper.swift in Sources */,
				DA65D3BF2886C70C00173F56 /* LibraryFavouritesViewController.swift in Sources */,
				DA5CE99F288815EB0066AB2E /* PlaylistWrapper.swift in Sources */,
				DA67F44528894EA400062985 /* MiniPlayerView.swift in Sources */,
				DA12E69C288E94BF00D502EC /* AlbumSegregator.swift in Sources */,
				DA668C8D2876DE5E001EE1C9 /* LanguageSelectionDelegate.swift in Sources */,
				DA668C97287707C4001EE1C9 /* ProfileViewController.swift in Sources */,
				DA6C8382287FF4DA00339937 /* SigninTableViewCell.swift in Sources */,
				DA2810BD287C2588006EEF60 /* LabeledInfoTableViewCell.swift in Sources */,
				DAF64917287553020061C29B /* CustomTableViewCell.swift in Sources */,
				DA668C7A2876D936001EE1C9 /* Language.swift in Sources */,
				DAFC0AE22893D81200EECE4B /* SearchResultDelegate.swift in Sources */,
				DA28A349287414E900E36382 /* SignupViewController.swift in Sources */,
				DA45569E287402C400804CB8 /* AppDelegate.swift in Sources */,
				DA12E69A288E937800D502EC /* DataManager.swift in Sources */,
				DA5CE99D288815080066AB2E /* SongWrapper.swift in Sources */,
				DA65D3BB288695F400173F56 /* LibraryResultsViewController.swift in Sources */,
				DA65D3C12886E28900173F56 /* SortOptionsHeaderView.swift in Sources */,
				DABA14422897B16900DAAF13 /* Album+CoreDataClass.swift in Sources */,
				DA65D3B728866FA700173F56 /* CategoricalSongsViewController.swift in Sources */,
				DA668C932877076B001EE1C9 /* SearchViewController.swift in Sources */,
				DA6C83862880366A00339937 /* SignupDelegate.swift in Sources */,
				DA4556A0287402C400804CB8 /* SceneDelegate.swift in Sources */,
				DABA14442897B16900DAAF13 /* Artist+CoreDataClass.swift in Sources */,
				DA28A34B287414F700E36382 /* LoginViewController.swift in Sources */,
				DAFC0AD72893A6A600EECE4B /* User+CoreDataClass.swift in Sources */,
				DA5CE96D28880D1D0066AB2E /* ArtistType.swift in Sources */,
				DA67E06628994D3A00593251 /* ArtistDelegate.swift in Sources */,
				DA4556C828740A7000804CB8 /* MainViewController.swift in Sources */,
				DA65D3BD2886C6F200173F56 /* LibraryPlaylistsViewController.swift in Sources */,
				DA562A942891668A0017EEF2 /* DataProcessor.swift in Sources */,
				DA67F4472889527C00062985 /* MiniPlayerDelegate.swift in Sources */,
				DA67F43F28892FFE00062985 /* PlayerViewController.swift in Sources */,
				DA4556D228740CD200804CB8 /* GlobalConstants.swift in Sources */,
				DA65D3B528866D5000173F56 /* GlobalVariables.swift in Sources */,
				DAFC0AD82893A6A600EECE4B /* User+CoreDataProperties.swift in Sources */,
				DA28A34D2874157C00E36382 /* OnboardingViewController.swift in Sources */,
				DAFC0AD62893A6A600EECE4B /* Song+CoreDataProperties.swift in Sources */,
				DA12E696288E559100D502EC /* SongArtistsViewController.swift in Sources */,
				DA4556A8287402C400804CB8 /* Reverberate.xcdatamodeld in Sources */,
				DAFC0AD32893A6A600EECE4B /* Playlist+CoreDataClass.swift in Sources */,
				DA5CE96B2887D90A0066AB2E /* PosterDetailCVCell.swift in Sources */,
				DABA14452897B16900DAAF13 /* Artist+CoreDataProperties.swift in Sources */,
				DA668C6E28769AC8001EE1C9 /* InputValidator.swift in Sources */,
				DA6C838428800F6F00339937 /* LoginDelegate.swift in Sources */,
				DA5CE9692887C8F40066AB2E /* HeaderCVReusableView.swift in Sources */,
				DA67F4492889797400062985 /* PlayerDelegate.swift in Sources */,
				DAFC0AE62893ED7500EECE4B /* StretchyArtistHeaderView.swift in Sources */,
				DA2810B9287BDDBB006EEF60 /* EditProfileViewController.swift in Sources */,
				DA5CE99B2888145A0066AB2E /* ArtistWrapper.swift in Sources */,
			);
			runOnlyForDeploymentPostprocessing = 0;
		};
/* End PBXSourcesBuildPhase section */

/* Begin PBXVariantGroup section */
		DA4556AB287402C600804CB8 /* LaunchScreen.storyboard */ = {
			isa = PBXVariantGroup;
			children = (
				DA4556AC287402C600804CB8 /* Base */,
			);
			name = LaunchScreen.storyboard;
			sourceTree = "<group>";
		};
/* End PBXVariantGroup section */

/* Begin XCBuildConfiguration section */
		DA4556AF287402C600804CB8 /* Debug */ = {
			isa = XCBuildConfiguration;
			buildSettings = {
				ALWAYS_SEARCH_USER_PATHS = NO;
				CLANG_ANALYZER_NONNULL = YES;
				CLANG_ANALYZER_NUMBER_OBJECT_CONVERSION = YES_AGGRESSIVE;
				CLANG_CXX_LANGUAGE_STANDARD = "gnu++17";
				CLANG_ENABLE_MODULES = YES;
				CLANG_ENABLE_OBJC_ARC = YES;
				CLANG_ENABLE_OBJC_WEAK = YES;
				CLANG_WARN_BLOCK_CAPTURE_AUTORELEASING = YES;
				CLANG_WARN_BOOL_CONVERSION = YES;
				CLANG_WARN_COMMA = YES;
				CLANG_WARN_CONSTANT_CONVERSION = YES;
				CLANG_WARN_DEPRECATED_OBJC_IMPLEMENTATIONS = YES;
				CLANG_WARN_DIRECT_OBJC_ISA_USAGE = YES_ERROR;
				CLANG_WARN_DOCUMENTATION_COMMENTS = YES;
				CLANG_WARN_EMPTY_BODY = YES;
				CLANG_WARN_ENUM_CONVERSION = YES;
				CLANG_WARN_INFINITE_RECURSION = YES;
				CLANG_WARN_INT_CONVERSION = YES;
				CLANG_WARN_NON_LITERAL_NULL_CONVERSION = YES;
				CLANG_WARN_OBJC_IMPLICIT_RETAIN_SELF = YES;
				CLANG_WARN_OBJC_LITERAL_CONVERSION = YES;
				CLANG_WARN_OBJC_ROOT_CLASS = YES_ERROR;
				CLANG_WARN_QUOTED_INCLUDE_IN_FRAMEWORK_HEADER = YES;
				CLANG_WARN_RANGE_LOOP_ANALYSIS = YES;
				CLANG_WARN_STRICT_PROTOTYPES = YES;
				CLANG_WARN_SUSPICIOUS_MOVE = YES;
				CLANG_WARN_UNGUARDED_AVAILABILITY = YES_AGGRESSIVE;
				CLANG_WARN_UNREACHABLE_CODE = YES;
				CLANG_WARN__DUPLICATE_METHOD_MATCH = YES;
				COPY_PHASE_STRIP = NO;
				DEBUG_INFORMATION_FORMAT = dwarf;
				ENABLE_STRICT_OBJC_MSGSEND = YES;
				ENABLE_TESTABILITY = YES;
				GCC_C_LANGUAGE_STANDARD = gnu11;
				GCC_DYNAMIC_NO_PIC = NO;
				GCC_NO_COMMON_BLOCKS = YES;
				GCC_OPTIMIZATION_LEVEL = 0;
				GCC_PREPROCESSOR_DEFINITIONS = (
					"DEBUG=1",
					"$(inherited)",
				);
				GCC_WARN_64_TO_32_BIT_CONVERSION = YES;
				GCC_WARN_ABOUT_RETURN_TYPE = YES_ERROR;
				GCC_WARN_UNDECLARED_SELECTOR = YES;
				GCC_WARN_UNINITIALIZED_AUTOS = YES_AGGRESSIVE;
				GCC_WARN_UNUSED_FUNCTION = YES;
				GCC_WARN_UNUSED_VARIABLE = YES;
				IPHONEOS_DEPLOYMENT_TARGET = 15.5;
				MTL_ENABLE_DEBUG_INFO = INCLUDE_SOURCE;
				MTL_FAST_MATH = YES;
				ONLY_ACTIVE_ARCH = YES;
				SDKROOT = iphoneos;
				SWIFT_ACTIVE_COMPILATION_CONDITIONS = DEBUG;
				SWIFT_OPTIMIZATION_LEVEL = "-Onone";
			};
			name = Debug;
		};
		DA4556B0287402C600804CB8 /* Release */ = {
			isa = XCBuildConfiguration;
			buildSettings = {
				ALWAYS_SEARCH_USER_PATHS = NO;
				CLANG_ANALYZER_NONNULL = YES;
				CLANG_ANALYZER_NUMBER_OBJECT_CONVERSION = YES_AGGRESSIVE;
				CLANG_CXX_LANGUAGE_STANDARD = "gnu++17";
				CLANG_ENABLE_MODULES = YES;
				CLANG_ENABLE_OBJC_ARC = YES;
				CLANG_ENABLE_OBJC_WEAK = YES;
				CLANG_WARN_BLOCK_CAPTURE_AUTORELEASING = YES;
				CLANG_WARN_BOOL_CONVERSION = YES;
				CLANG_WARN_COMMA = YES;
				CLANG_WARN_CONSTANT_CONVERSION = YES;
				CLANG_WARN_DEPRECATED_OBJC_IMPLEMENTATIONS = YES;
				CLANG_WARN_DIRECT_OBJC_ISA_USAGE = YES_ERROR;
				CLANG_WARN_DOCUMENTATION_COMMENTS = YES;
				CLANG_WARN_EMPTY_BODY = YES;
				CLANG_WARN_ENUM_CONVERSION = YES;
				CLANG_WARN_INFINITE_RECURSION = YES;
				CLANG_WARN_INT_CONVERSION = YES;
				CLANG_WARN_NON_LITERAL_NULL_CONVERSION = YES;
				CLANG_WARN_OBJC_IMPLICIT_RETAIN_SELF = YES;
				CLANG_WARN_OBJC_LITERAL_CONVERSION = YES;
				CLANG_WARN_OBJC_ROOT_CLASS = YES_ERROR;
				CLANG_WARN_QUOTED_INCLUDE_IN_FRAMEWORK_HEADER = YES;
				CLANG_WARN_RANGE_LOOP_ANALYSIS = YES;
				CLANG_WARN_STRICT_PROTOTYPES = YES;
				CLANG_WARN_SUSPICIOUS_MOVE = YES;
				CLANG_WARN_UNGUARDED_AVAILABILITY = YES_AGGRESSIVE;
				CLANG_WARN_UNREACHABLE_CODE = YES;
				CLANG_WARN__DUPLICATE_METHOD_MATCH = YES;
				COPY_PHASE_STRIP = NO;
				DEBUG_INFORMATION_FORMAT = "dwarf-with-dsym";
				ENABLE_NS_ASSERTIONS = NO;
				ENABLE_STRICT_OBJC_MSGSEND = YES;
				GCC_C_LANGUAGE_STANDARD = gnu11;
				GCC_NO_COMMON_BLOCKS = YES;
				GCC_WARN_64_TO_32_BIT_CONVERSION = YES;
				GCC_WARN_ABOUT_RETURN_TYPE = YES_ERROR;
				GCC_WARN_UNDECLARED_SELECTOR = YES;
				GCC_WARN_UNINITIALIZED_AUTOS = YES_AGGRESSIVE;
				GCC_WARN_UNUSED_FUNCTION = YES;
				GCC_WARN_UNUSED_VARIABLE = YES;
				IPHONEOS_DEPLOYMENT_TARGET = 15.5;
				MTL_ENABLE_DEBUG_INFO = NO;
				MTL_FAST_MATH = YES;
				SDKROOT = iphoneos;
				SWIFT_COMPILATION_MODE = wholemodule;
				SWIFT_OPTIMIZATION_LEVEL = "-O";
				VALIDATE_PRODUCT = YES;
			};
			name = Release;
		};
		DA4556B2287402C600804CB8 /* Debug */ = {
			isa = XCBuildConfiguration;
			buildSettings = {
				ASSETCATALOG_COMPILER_APPICON_NAME = AppIcon;
				ASSETCATALOG_COMPILER_GLOBAL_ACCENT_COLOR_NAME = AccentColor;
				CODE_SIGN_STYLE = Automatic;
				CURRENT_PROJECT_VERSION = 1;
				DEVELOPMENT_TEAM = RZFG3568AJ;
				GENERATE_INFOPLIST_FILE = YES;
				INFOPLIST_FILE = Reverberate/Info.plist;
				INFOPLIST_KEY_UIApplicationSupportsIndirectInputEvents = YES;
				INFOPLIST_KEY_UILaunchStoryboardName = LaunchScreen;
				INFOPLIST_KEY_UISupportedInterfaceOrientations_iPad = "UIInterfaceOrientationPortrait UIInterfaceOrientationPortraitUpsideDown UIInterfaceOrientationLandscapeLeft UIInterfaceOrientationLandscapeRight";
				INFOPLIST_KEY_UISupportedInterfaceOrientations_iPhone = "UIInterfaceOrientationPortrait UIInterfaceOrientationLandscapeLeft UIInterfaceOrientationLandscapeRight";
				IPHONEOS_DEPLOYMENT_TARGET = 15.0;
				LD_RUNPATH_SEARCH_PATHS = (
					"$(inherited)",
					"@executable_path/Frameworks",
				);
				MARKETING_VERSION = 1.0;
				PRODUCT_BUNDLE_IDENTIFIER = com.techiness.ios.Reverberate;
				PRODUCT_NAME = "$(TARGET_NAME)";
				SWIFT_EMIT_LOC_STRINGS = YES;
				SWIFT_VERSION = 5.0;
				TARGETED_DEVICE_FAMILY = "1,2";
			};
			name = Debug;
		};
		DA4556B3287402C600804CB8 /* Release */ = {
			isa = XCBuildConfiguration;
			buildSettings = {
				ASSETCATALOG_COMPILER_APPICON_NAME = AppIcon;
				ASSETCATALOG_COMPILER_GLOBAL_ACCENT_COLOR_NAME = AccentColor;
				CODE_SIGN_STYLE = Automatic;
				CURRENT_PROJECT_VERSION = 1;
				DEVELOPMENT_TEAM = RZFG3568AJ;
				GENERATE_INFOPLIST_FILE = YES;
				INFOPLIST_FILE = Reverberate/Info.plist;
				INFOPLIST_KEY_UIApplicationSupportsIndirectInputEvents = YES;
				INFOPLIST_KEY_UILaunchStoryboardName = LaunchScreen;
				INFOPLIST_KEY_UISupportedInterfaceOrientations_iPad = "UIInterfaceOrientationPortrait UIInterfaceOrientationPortraitUpsideDown UIInterfaceOrientationLandscapeLeft UIInterfaceOrientationLandscapeRight";
				INFOPLIST_KEY_UISupportedInterfaceOrientations_iPhone = "UIInterfaceOrientationPortrait UIInterfaceOrientationLandscapeLeft UIInterfaceOrientationLandscapeRight";
				IPHONEOS_DEPLOYMENT_TARGET = 15.0;
				LD_RUNPATH_SEARCH_PATHS = (
					"$(inherited)",
					"@executable_path/Frameworks",
				);
				MARKETING_VERSION = 1.0;
				PRODUCT_BUNDLE_IDENTIFIER = com.techiness.ios.Reverberate;
				PRODUCT_NAME = "$(TARGET_NAME)";
				SWIFT_EMIT_LOC_STRINGS = YES;
				SWIFT_VERSION = 5.0;
				TARGETED_DEVICE_FAMILY = "1,2";
			};
			name = Release;
		};
/* End XCBuildConfiguration section */

/* Begin XCConfigurationList section */
		DA455695287402C400804CB8 /* Build configuration list for PBXProject "Reverberate" */ = {
			isa = XCConfigurationList;
			buildConfigurations = (
				DA4556AF287402C600804CB8 /* Debug */,
				DA4556B0287402C600804CB8 /* Release */,
			);
			defaultConfigurationIsVisible = 0;
			defaultConfigurationName = Release;
		};
		DA4556B1287402C600804CB8 /* Build configuration list for PBXNativeTarget "Reverberate" */ = {
			isa = XCConfigurationList;
			buildConfigurations = (
				DA4556B2287402C600804CB8 /* Debug */,
				DA4556B3287402C600804CB8 /* Release */,
			);
			defaultConfigurationIsVisible = 0;
			defaultConfigurationName = Release;
		};
/* End XCConfigurationList section */

/* Begin XCVersionGroup section */
		DA4556A6287402C400804CB8 /* Reverberate.xcdatamodeld */ = {
			isa = XCVersionGroup;
			children = (
				DA4556A7287402C400804CB8 /* Reverberate.xcdatamodel */,
			);
			currentVersion = DA4556A7287402C400804CB8 /* Reverberate.xcdatamodel */;
			path = Reverberate.xcdatamodeld;
			sourceTree = "<group>";
			versionGroupType = wrapper.xcdatamodel;
		};
/* End XCVersionGroup section */
	};
	rootObject = DA455692287402C400804CB8 /* Project object */;
}
