// !$*UTF8*$!
{
	archiveVersion = 1;
	classes = {
	};
	objectVersion = 55;
	objects = {

/* Begin PBXBuildFile section */
		DA12E696288E559100D502EC /* SongArtistsViewController.swift in Sources */ = {isa = PBXBuildFile; fileRef = DA12E695288E559100D502EC /* SongArtistsViewController.swift */; };
		DA12E698288E5AB300D502EC /* ArtistCVCell.swift in Sources */ = {isa = PBXBuildFile; fileRef = DA12E697288E5AB300D502EC /* ArtistCVCell.swift */; };
		DA12E69A288E937800D502EC /* DataManager.swift in Sources */ = {isa = PBXBuildFile; fileRef = DA12E699288E937800D502EC /* DataManager.swift */; };
		DA12E69C288E94BF00D502EC /* AlbumSegregator.swift in Sources */ = {isa = PBXBuildFile; fileRef = DA12E69B288E94BF00D502EC /* AlbumSegregator.swift */; };
		DA134FFF28C8FE2300ADEA51 /* ContextMenuProvider.swift in Sources */ = {isa = PBXBuildFile; fileRef = DA134FFE28C8FE2300ADEA51 /* ContextMenuProvider.swift */; };
		DA16C18828C9EC900083AB52 /* User+CoreDataClass.swift in Sources */ = {isa = PBXBuildFile; fileRef = DA16C18628C9EC900083AB52 /* User+CoreDataClass.swift */; };
		DA16C18B28C9EDF10083AB52 /* CustomDataTransformer.swift in Sources */ = {isa = PBXBuildFile; fileRef = DA16C18A28C9EDF10083AB52 /* CustomDataTransformer.swift */; };
		DA16C19328C9F2950083AB52 /* User+CoreDataProperties.swift in Sources */ = {isa = PBXBuildFile; fileRef = DA16C19228C9F2950083AB52 /* User+CoreDataProperties.swift */; };
		DA1DA6A028A40C3F00721F5C /* kalaavathi.mp3 in Resources */ = {isa = PBXBuildFile; fileRef = DA1DA69F28A40C3F00721F5C /* kalaavathi.mp3 */; };
		DA1DA6A228A40C7900721F5C /* mamamahesha.mp3 in Resources */ = {isa = PBXBuildFile; fileRef = DA1DA6A128A40C7900721F5C /* mamamahesha.mp3 */; };
		DA252E6128A543C500791267 /* vaadathambi.mp3 in Resources */ = {isa = PBXBuildFile; fileRef = DA252E6028A543C500791267 /* vaadathambi.mp3 */; };
		DA252E6328A543DA00791267 /* summasurrunu.mp3 in Resources */ = {isa = PBXBuildFile; fileRef = DA252E6228A543DA00791267 /* summasurrunu.mp3 */; };
		DA252E6628A5456200791267 /* penny.mp3 in Resources */ = {isa = PBXBuildFile; fileRef = DA252E6528A5456200791267 /* penny.mp3 */; };
		DA252E6B28A54C6C00791267 /* murarivaa.mp3 in Resources */ = {isa = PBXBuildFile; fileRef = DA252E6A28A54C6C00791267 /* murarivaa.mp3 */; };
		DA252E6D28A54D2600791267 /* jollyogymkhana.mp3 in Resources */ = {isa = PBXBuildFile; fileRef = DA252E6C28A54D2600791267 /* jollyogymkhana.mp3 */; };
		DA252E7028A54EE500791267 /* paramsundari.mp3 in Resources */ = {isa = PBXBuildFile; fileRef = DA252E6F28A54EE500791267 /* paramsundari.mp3 */; };
		DA252E7528A5513000791267 /* yaaneyaane.mp3 in Resources */ = {isa = PBXBuildFile; fileRef = DA252E7428A5513000791267 /* yaaneyaane.mp3 */; };
		DA252E7828A5517300791267 /* hututu.mp3 in Resources */ = {isa = PBXBuildFile; fileRef = DA252E7728A5517300791267 /* hututu.mp3 */; };
		DA252E7B28A551EB00791267 /* chotisichiraiya.mp3 in Resources */ = {isa = PBXBuildFile; fileRef = DA252E7A28A551EB00791267 /* chotisichiraiya.mp3 */; };
		DA252E7D28A5522500791267 /* phuljhadiyon.mp3 in Resources */ = {isa = PBXBuildFile; fileRef = DA252E7C28A5522500791267 /* phuljhadiyon.mp3 */; };
		DA252E7F28A557D100791267 /* rihaayide.mp3 in Resources */ = {isa = PBXBuildFile; fileRef = DA252E7E28A557D100791267 /* rihaayide.mp3 */; };
		DA252E8128A5587800791267 /* kalakkatha.mp3 in Resources */ = {isa = PBXBuildFile; fileRef = DA252E8028A5587800791267 /* kalakkatha.mp3 */; };
		DA252E8328A5590600791267 /* ariyathariyathe.mp3 in Resources */ = {isa = PBXBuildFile; fileRef = DA252E8228A5590600791267 /* ariyathariyathe.mp3 */; };
		DA252E8528A559B800791267 /* thaalampoyi.mp3 in Resources */ = {isa = PBXBuildFile; fileRef = DA252E8428A559B800791267 /* thaalampoyi.mp3 */; };
		DA252E8728A55A9500791267 /* naangaveramaari.mp3 in Resources */ = {isa = PBXBuildFile; fileRef = DA252E8628A55A9500791267 /* naangaveramaari.mp3 */; };
		DA252E8928A55ACD00791267 /* ennakurai.mp3 in Resources */ = {isa = PBXBuildFile; fileRef = DA252E8828A55ACD00791267 /* ennakurai.mp3 */; };
		DA252E8B28A55B0500791267 /* mothersong.mp3 in Resources */ = {isa = PBXBuildFile; fileRef = DA252E8A28A55B0500791267 /* mothersong.mp3 */; };
		DA2810B9287BDDBB006EEF60 /* EditProfileViewController.swift in Sources */ = {isa = PBXBuildFile; fileRef = DA2810B8287BDDBB006EEF60 /* EditProfileViewController.swift */; };
		DA2810BD287C2588006EEF60 /* LabeledInfoTableViewCell.swift in Sources */ = {isa = PBXBuildFile; fileRef = DA2810BC287C2588006EEF60 /* LabeledInfoTableViewCell.swift */; };
		DA28A349287414E900E36382 /* SignupViewController.swift in Sources */ = {isa = PBXBuildFile; fileRef = DA28A348287414E900E36382 /* SignupViewController.swift */; };
		DA28A34B287414F700E36382 /* LoginViewController.swift in Sources */ = {isa = PBXBuildFile; fileRef = DA28A34A287414F700E36382 /* LoginViewController.swift */; };
		DA28A34D2874157C00E36382 /* OnboardingViewController.swift in Sources */ = {isa = PBXBuildFile; fileRef = DA28A34C2874157C00E36382 /* OnboardingViewController.swift */; };
		DA28A364287431AC00E36382 /* BebasFixNeue.ttf in Resources */ = {isa = PBXBuildFile; fileRef = DA28A363287431AC00E36382 /* BebasFixNeue.ttf */; };
		DA28A366287431BF00E36382 /* BubblegumSans-Regular.ttf in Resources */ = {isa = PBXBuildFile; fileRef = DA28A365287431BF00E36382 /* BubblegumSans-Regular.ttf */; };
		DA2F0C1228A3AB22003F35F1 /* MarqueeLabel.swift in Sources */ = {isa = PBXBuildFile; fileRef = DA2F0C1128A3AB22003F35F1 /* MarqueeLabel.swift */; };
		DA2F0C1528A3B0BB003F35F1 /* QuartzCore.framework in Frameworks */ = {isa = PBXBuildFile; fileRef = DA2F0C1428A3B0BB003F35F1 /* QuartzCore.framework */; };
		DA36C87B28AB5A8700F18694 /* LibraryTabView.swift in Sources */ = {isa = PBXBuildFile; fileRef = DA36C87A28AB5A8700F18694 /* LibraryTabView.swift */; };
		DA36C87D28AB5CDE00F18694 /* LibraryTabViewDelegate.swift in Sources */ = {isa = PBXBuildFile; fileRef = DA36C87C28AB5CDE00F18694 /* LibraryTabViewDelegate.swift */; };
		DA45569E287402C400804CB8 /* AppDelegate.swift in Sources */ = {isa = PBXBuildFile; fileRef = DA45569D287402C400804CB8 /* AppDelegate.swift */; };
		DA4556A0287402C400804CB8 /* SceneDelegate.swift in Sources */ = {isa = PBXBuildFile; fileRef = DA45569F287402C400804CB8 /* SceneDelegate.swift */; };
		DA4556A8287402C400804CB8 /* Reverberate.xcdatamodeld in Sources */ = {isa = PBXBuildFile; fileRef = DA4556A6287402C400804CB8 /* Reverberate.xcdatamodeld */; };
		DA4556AA287402C600804CB8 /* Assets.xcassets in Resources */ = {isa = PBXBuildFile; fileRef = DA4556A9287402C600804CB8 /* Assets.xcassets */; };
		DA4556AD287402C600804CB8 /* LaunchScreen.storyboard in Resources */ = {isa = PBXBuildFile; fileRef = DA4556AB287402C600804CB8 /* LaunchScreen.storyboard */; };
		DA4556C828740A7000804CB8 /* MainViewController.swift in Sources */ = {isa = PBXBuildFile; fileRef = DA4556C728740A7000804CB8 /* MainViewController.swift */; };
		DA4556D028740B2000804CB8 /* Extensions.swift in Sources */ = {isa = PBXBuildFile; fileRef = DA4556CF28740B2000804CB8 /* Extensions.swift */; };
		DA4556D228740CD200804CB8 /* GlobalConstants.swift in Sources */ = {isa = PBXBuildFile; fileRef = DA4556D128740CD200804CB8 /* GlobalConstants.swift */; };
		DA46499A28BE417700F92C08 /* SongArtistsViewDelegate.swift in Sources */ = {isa = PBXBuildFile; fileRef = DA46499928BE417700F92C08 /* SongArtistsViewDelegate.swift */; };
		DA4AC3ED28B35E9800F0B611 /* PlaylistControlsDelegate.swift in Sources */ = {isa = PBXBuildFile; fileRef = DA4AC3EC28B35E9800F0B611 /* PlaylistControlsDelegate.swift */; };
		DA562A902891507E0017EEF2 /* halamathitelugu.mp3 in Resources */ = {isa = PBXBuildFile; fileRef = DA562A8C2891507E0017EEF2 /* halamathitelugu.mp3 */; };
		DA562A912891507E0017EEF2 /* jollyogymkhanatelugu.mp3 in Resources */ = {isa = PBXBuildFile; fileRef = DA562A8D2891507E0017EEF2 /* jollyogymkhanatelugu.mp3 */; };
		DA562A922891507E0017EEF2 /* beastmodetelugu.mp3 in Resources */ = {isa = PBXBuildFile; fileRef = DA562A8E2891507E0017EEF2 /* beastmodetelugu.mp3 */; };
		DA562A942891668A0017EEF2 /* DataProcessor.swift in Sources */ = {isa = PBXBuildFile; fileRef = DA562A932891668A0017EEF2 /* DataProcessor.swift */; };
		DA58B5532877ED0A00BDAE4B /* GenreSelectionDelegate.swift in Sources */ = {isa = PBXBuildFile; fileRef = DA58B5522877ED0A00BDAE4B /* GenreSelectionDelegate.swift */; };
		DA58B5552877ED5D00BDAE4B /* GenreSelectionCollectionViewController.swift in Sources */ = {isa = PBXBuildFile; fileRef = DA58B5542877ED5D00BDAE4B /* GenreSelectionCollectionViewController.swift */; };
		DA58B5572877ED9800BDAE4B /* LanguageSelectionCollectionViewController.swift in Sources */ = {isa = PBXBuildFile; fileRef = DA58B5562877ED9800BDAE4B /* LanguageSelectionCollectionViewController.swift */; };
		DA58B55B2878104900BDAE4B /* CustomVisualEffectView.swift in Sources */ = {isa = PBXBuildFile; fileRef = DA58B55A2878104900BDAE4B /* CustomVisualEffectView.swift */; };
		DA5C90B428C86C1A00BE0DF1 /* Alphabet.swift in Sources */ = {isa = PBXBuildFile; fileRef = DA5C90B328C86C1A00BE0DF1 /* Alphabet.swift */; };
		DA5C90B628C8732100BE0DF1 /* SectionHeaderCV.swift in Sources */ = {isa = PBXBuildFile; fileRef = DA5C90B528C8732100BE0DF1 /* SectionHeaderCV.swift */; };
		DA5C90B828C8ADD300BE0DF1 /* LibraryAlbumViewController.swift in Sources */ = {isa = PBXBuildFile; fileRef = DA5C90B728C8ADD300BE0DF1 /* LibraryAlbumViewController.swift */; };
		DA5C90BA28C8C9FD00BE0DF1 /* LibraryArtistViewController.swift in Sources */ = {isa = PBXBuildFile; fileRef = DA5C90B928C8C9FD00BE0DF1 /* LibraryArtistViewController.swift */; };
		DA5CE9692887C8F40066AB2E /* HeaderCVReusableView.swift in Sources */ = {isa = PBXBuildFile; fileRef = DA5CE9682887C8F40066AB2E /* HeaderCVReusableView.swift */; };
		DA5CE96B2887D90A0066AB2E /* PosterDetailCVCell.swift in Sources */ = {isa = PBXBuildFile; fileRef = DA5CE96A2887D90A0066AB2E /* PosterDetailCVCell.swift */; };
		DA5CE96D28880D1D0066AB2E /* ArtistType.swift in Sources */ = {isa = PBXBuildFile; fileRef = DA5CE96C28880D1D0066AB2E /* ArtistType.swift */; };
		DA5CE99F288815EB0066AB2E /* Playlist.swift in Sources */ = {isa = PBXBuildFile; fileRef = DA5CE99E288815EB0066AB2E /* Playlist.swift */; };
		DA5CE9A1288815FB0066AB2E /* Album.swift in Sources */ = {isa = PBXBuildFile; fileRef = DA5CE9A0288815FB0066AB2E /* Album.swift */; };
		DA63B0B9289E7B7A0068775C /* Artist.swift in Sources */ = {isa = PBXBuildFile; fileRef = DA63B0B8289E7B7A0068775C /* Artist.swift */; };
		DA65D3B32886674300173F56 /* SearchResultsViewController.swift in Sources */ = {isa = PBXBuildFile; fileRef = DA65D3B22886674300173F56 /* SearchResultsViewController.swift */; };
		DA65D3B528866D5000173F56 /* GlobalVariables.swift in Sources */ = {isa = PBXBuildFile; fileRef = DA65D3B428866D5000173F56 /* GlobalVariables.swift */; };
		DA65D3B728866FA700173F56 /* CategoricalSongsViewController.swift in Sources */ = {isa = PBXBuildFile; fileRef = DA65D3B628866FA700173F56 /* CategoricalSongsViewController.swift */; };
		DA65D3B92886868B00173F56 /* TitleCardCVCell.swift in Sources */ = {isa = PBXBuildFile; fileRef = DA65D3B82886868B00173F56 /* TitleCardCVCell.swift */; };
		DA65D3BB288695F400173F56 /* LibraryPlaylistViewController.swift in Sources */ = {isa = PBXBuildFile; fileRef = DA65D3BA288695F400173F56 /* LibraryPlaylistViewController.swift */; };
		DA65D3BD2886C6F200173F56 /* LibrarySongViewController.swift in Sources */ = {isa = PBXBuildFile; fileRef = DA65D3BC2886C6F200173F56 /* LibrarySongViewController.swift */; };
		DA65D3C12886E28900173F56 /* SortOptionsHeaderView.swift in Sources */ = {isa = PBXBuildFile; fileRef = DA65D3C02886E28900173F56 /* SortOptionsHeaderView.swift */; };
		DA668C6E28769AC8001EE1C9 /* InputValidator.swift in Sources */ = {isa = PBXBuildFile; fileRef = DA668C6D28769AC8001EE1C9 /* InputValidator.swift */; };
		DA668C7A2876D936001EE1C9 /* Language.swift in Sources */ = {isa = PBXBuildFile; fileRef = DA668C792876D936001EE1C9 /* Language.swift */; };
		DA668C7C2876DB1B001EE1C9 /* MusicGenre.swift in Sources */ = {isa = PBXBuildFile; fileRef = DA668C7B2876DB1B001EE1C9 /* MusicGenre.swift */; };
		DA668C8D2876DE5E001EE1C9 /* LanguageSelectionDelegate.swift in Sources */ = {isa = PBXBuildFile; fileRef = DA668C8C2876DE5E001EE1C9 /* LanguageSelectionDelegate.swift */; };
		DA668C8F2876E038001EE1C9 /* SelectionCardCVCell.swift in Sources */ = {isa = PBXBuildFile; fileRef = DA668C8E2876E038001EE1C9 /* SelectionCardCVCell.swift */; };
		DA668C9128770745001EE1C9 /* HomeViewController.swift in Sources */ = {isa = PBXBuildFile; fileRef = DA668C9028770745001EE1C9 /* HomeViewController.swift */; };
		DA668C932877076B001EE1C9 /* SearchViewController.swift in Sources */ = {isa = PBXBuildFile; fileRef = DA668C922877076B001EE1C9 /* SearchViewController.swift */; };
		DA668C9528770794001EE1C9 /* LibraryViewController.swift in Sources */ = {isa = PBXBuildFile; fileRef = DA668C9428770794001EE1C9 /* LibraryViewController.swift */; };
		DA668C97287707C4001EE1C9 /* ProfileViewController.swift in Sources */ = {isa = PBXBuildFile; fileRef = DA668C96287707C4001EE1C9 /* ProfileViewController.swift */; };
		DA67E0642898E57A00593251 /* PlaylistDelegate.swift in Sources */ = {isa = PBXBuildFile; fileRef = DA67E0632898E57A00593251 /* PlaylistDelegate.swift */; };
		DA67E06628994D3A00593251 /* ArtistDelegate.swift in Sources */ = {isa = PBXBuildFile; fileRef = DA67E06528994D3A00593251 /* ArtistDelegate.swift */; };
		DA67F43528890F6000062985 /* HomeVCCompositionalLayout.swift in Sources */ = {isa = PBXBuildFile; fileRef = DA67F43428890F6000062985 /* HomeVCCompositionalLayout.swift */; };
		DA67F4392889182F00062985 /* Category.swift in Sources */ = {isa = PBXBuildFile; fileRef = DA67F4382889182F00062985 /* Category.swift */; };
		DA67F43F28892FFE00062985 /* PlayerViewController.swift in Sources */ = {isa = PBXBuildFile; fileRef = DA67F43E28892FFE00062985 /* PlayerViewController.swift */; };
		DA67F44528894EA400062985 /* MiniPlayerView.swift in Sources */ = {isa = PBXBuildFile; fileRef = DA67F44428894EA400062985 /* MiniPlayerView.swift */; };
		DA67F4472889527C00062985 /* MiniPlayerDelegate.swift in Sources */ = {isa = PBXBuildFile; fileRef = DA67F4462889527C00062985 /* MiniPlayerDelegate.swift */; };
		DA67F4492889797400062985 /* PlayerDelegate.swift in Sources */ = {isa = PBXBuildFile; fileRef = DA67F4482889797400062985 /* PlayerDelegate.swift */; };
		DA6C8382287FF4DA00339937 /* SigninTableViewCell.swift in Sources */ = {isa = PBXBuildFile; fileRef = DA6C8381287FF4DA00339937 /* SigninTableViewCell.swift */; };
		DA6C838428800F6F00339937 /* LoginDelegate.swift in Sources */ = {isa = PBXBuildFile; fileRef = DA6C838328800F6F00339937 /* LoginDelegate.swift */; };
		DA6C83862880366A00339937 /* SignupDelegate.swift in Sources */ = {isa = PBXBuildFile; fileRef = DA6C83852880366A00339937 /* SignupDelegate.swift */; };
		DA6C8388288046F600339937 /* InitialViewController.swift in Sources */ = {isa = PBXBuildFile; fileRef = DA6C8387288046F600339937 /* InitialViewController.swift */; };
		DA757431288D9A5A00A4CF80 /* arabickuthu.mp3 in Resources */ = {isa = PBXBuildFile; fileRef = DA75742E288D9A5900A4CF80 /* arabickuthu.mp3 */; };
		DA757432288D9A5A00A4CF80 /* beastmode.mp3 in Resources */ = {isa = PBXBuildFile; fileRef = DA75742F288D9A5A00A4CF80 /* beastmode.mp3 */; };
		DA7B1BB728A3E26A009CDBC6 /* SessionManager.swift in Sources */ = {isa = PBXBuildFile; fileRef = DA7B1BB628A3E26A009CDBC6 /* SessionManager.swift */; };
		DA7F246E288188E600E4786F /* SongMetaDataExtractor.swift in Sources */ = {isa = PBXBuildFile; fileRef = DA7F246D288188E600E4786F /* SongMetaDataExtractor.swift */; };
		DA946009289249C100FEB486 /* ullamurugudhaiya.mp3 in Resources */ = {isa = PBXBuildFile; fileRef = DA946008289249C100FEB486 /* ullamurugudhaiya.mp3 */; };
		DAA0F17328CB0FEA0077C98B /* PlaylistSelectionViewController.swift in Sources */ = {isa = PBXBuildFile; fileRef = DAA0F17228CB0FEA0077C98B /* PlaylistSelectionViewController.swift */; };
		DAA0F17528CB16080077C98B /* PlaylistSelectionDelegate.swift in Sources */ = {isa = PBXBuildFile; fileRef = DAA0F17428CB16080077C98B /* PlaylistSelectionDelegate.swift */; };
		DABA1435289791D700DAAF13 /* PlaylistViewController.swift in Sources */ = {isa = PBXBuildFile; fileRef = DABA1434289791D700DAAF13 /* PlaylistViewController.swift */; };
		DACBA429289CF85A00DDEBDE /* Song.swift in Sources */ = {isa = PBXBuildFile; fileRef = DACBA428289CF85A00DDEBDE /* Song.swift */; };
		DACF29DA28B50A3000141BCB /* MusicLoopMode.swift in Sources */ = {isa = PBXBuildFile; fileRef = DACF29D928B50A3000141BCB /* MusicLoopMode.swift */; };
		DACF29DC28B50AB300141BCB /* MusicShuffleMode.swift in Sources */ = {isa = PBXBuildFile; fileRef = DACF29DB28B50AB300141BCB /* MusicShuffleMode.swift */; };
		DAF64917287553020061C29B /* CustomTableViewCell.swift in Sources */ = {isa = PBXBuildFile; fileRef = DAF64916287553020061C29B /* CustomTableViewCell.swift */; };
		DAFC0AE02893D59100EECE4B /* ArtistViewController.swift in Sources */ = {isa = PBXBuildFile; fileRef = DAFC0ADF2893D59100EECE4B /* ArtistViewController.swift */; };
		DAFC0AE22893D81200EECE4B /* SearchResultDelegate.swift in Sources */ = {isa = PBXBuildFile; fileRef = DAFC0AE12893D81200EECE4B /* SearchResultDelegate.swift */; };
		DAFC0AE62893ED7500EECE4B /* StretchyHeaderView.swift in Sources */ = {isa = PBXBuildFile; fileRef = DAFC0AE52893ED7500EECE4B /* StretchyHeaderView.swift */; };
/* End PBXBuildFile section */

/* Begin PBXFileReference section */
		DA12E695288E559100D502EC /* SongArtistsViewController.swift */ = {isa = PBXFileReference; lastKnownFileType = sourcecode.swift; path = SongArtistsViewController.swift; sourceTree = "<group>"; };
		DA12E697288E5AB300D502EC /* ArtistCVCell.swift */ = {isa = PBXFileReference; lastKnownFileType = sourcecode.swift; path = ArtistCVCell.swift; sourceTree = "<group>"; };
		DA12E699288E937800D502EC /* DataManager.swift */ = {isa = PBXFileReference; lastKnownFileType = sourcecode.swift; path = DataManager.swift; sourceTree = "<group>"; };
		DA12E69B288E94BF00D502EC /* AlbumSegregator.swift */ = {isa = PBXFileReference; lastKnownFileType = sourcecode.swift; path = AlbumSegregator.swift; sourceTree = "<group>"; };
		DA134FFE28C8FE2300ADEA51 /* ContextMenuProvider.swift */ = {isa = PBXFileReference; lastKnownFileType = sourcecode.swift; path = ContextMenuProvider.swift; sourceTree = "<group>"; };
		DA16C18628C9EC900083AB52 /* User+CoreDataClass.swift */ = {isa = PBXFileReference; lastKnownFileType = sourcecode.swift; path = "User+CoreDataClass.swift"; sourceTree = "<group>"; };
		DA16C18A28C9EDF10083AB52 /* CustomDataTransformer.swift */ = {isa = PBXFileReference; lastKnownFileType = sourcecode.swift; path = CustomDataTransformer.swift; sourceTree = "<group>"; };
		DA16C19228C9F2950083AB52 /* User+CoreDataProperties.swift */ = {isa = PBXFileReference; lastKnownFileType = sourcecode.swift; path = "User+CoreDataProperties.swift"; sourceTree = "<group>"; };
		DA1DA69F28A40C3F00721F5C /* kalaavathi.mp3 */ = {isa = PBXFileReference; lastKnownFileType = audio.mp3; path = kalaavathi.mp3; sourceTree = "<group>"; };
		DA1DA6A128A40C7900721F5C /* mamamahesha.mp3 */ = {isa = PBXFileReference; lastKnownFileType = audio.mp3; path = mamamahesha.mp3; sourceTree = "<group>"; };
		DA252E6028A543C500791267 /* vaadathambi.mp3 */ = {isa = PBXFileReference; lastKnownFileType = audio.mp3; path = vaadathambi.mp3; sourceTree = "<group>"; };
		DA252E6228A543DA00791267 /* summasurrunu.mp3 */ = {isa = PBXFileReference; lastKnownFileType = audio.mp3; path = summasurrunu.mp3; sourceTree = "<group>"; };
		DA252E6528A5456200791267 /* penny.mp3 */ = {isa = PBXFileReference; lastKnownFileType = audio.mp3; path = penny.mp3; sourceTree = "<group>"; };
		DA252E6A28A54C6C00791267 /* murarivaa.mp3 */ = {isa = PBXFileReference; lastKnownFileType = audio.mp3; path = murarivaa.mp3; sourceTree = "<group>"; };
		DA252E6C28A54D2600791267 /* jollyogymkhana.mp3 */ = {isa = PBXFileReference; lastKnownFileType = audio.mp3; path = jollyogymkhana.mp3; sourceTree = "<group>"; };
		DA252E6F28A54EE500791267 /* paramsundari.mp3 */ = {isa = PBXFileReference; lastKnownFileType = audio.mp3; path = paramsundari.mp3; sourceTree = "<group>"; };
		DA252E7428A5513000791267 /* yaaneyaane.mp3 */ = {isa = PBXFileReference; lastKnownFileType = audio.mp3; path = yaaneyaane.mp3; sourceTree = "<group>"; };
		DA252E7728A5517300791267 /* hututu.mp3 */ = {isa = PBXFileReference; lastKnownFileType = audio.mp3; path = hututu.mp3; sourceTree = "<group>"; };
		DA252E7A28A551EB00791267 /* chotisichiraiya.mp3 */ = {isa = PBXFileReference; lastKnownFileType = audio.mp3; path = chotisichiraiya.mp3; sourceTree = "<group>"; };
		DA252E7C28A5522500791267 /* phuljhadiyon.mp3 */ = {isa = PBXFileReference; lastKnownFileType = audio.mp3; path = phuljhadiyon.mp3; sourceTree = "<group>"; };
		DA252E7E28A557D100791267 /* rihaayide.mp3 */ = {isa = PBXFileReference; lastKnownFileType = audio.mp3; path = rihaayide.mp3; sourceTree = "<group>"; };
		DA252E8028A5587800791267 /* kalakkatha.mp3 */ = {isa = PBXFileReference; lastKnownFileType = audio.mp3; path = kalakkatha.mp3; sourceTree = "<group>"; };
		DA252E8228A5590600791267 /* ariyathariyathe.mp3 */ = {isa = PBXFileReference; lastKnownFileType = audio.mp3; path = ariyathariyathe.mp3; sourceTree = "<group>"; };
		DA252E8428A559B800791267 /* thaalampoyi.mp3 */ = {isa = PBXFileReference; lastKnownFileType = audio.mp3; path = thaalampoyi.mp3; sourceTree = "<group>"; };
		DA252E8628A55A9500791267 /* naangaveramaari.mp3 */ = {isa = PBXFileReference; lastKnownFileType = audio.mp3; path = naangaveramaari.mp3; sourceTree = "<group>"; };
		DA252E8828A55ACD00791267 /* ennakurai.mp3 */ = {isa = PBXFileReference; lastKnownFileType = audio.mp3; path = ennakurai.mp3; sourceTree = "<group>"; };
		DA252E8A28A55B0500791267 /* mothersong.mp3 */ = {isa = PBXFileReference; lastKnownFileType = audio.mp3; path = mothersong.mp3; sourceTree = "<group>"; };
		DA2810B8287BDDBB006EEF60 /* EditProfileViewController.swift */ = {isa = PBXFileReference; lastKnownFileType = sourcecode.swift; path = EditProfileViewController.swift; sourceTree = "<group>"; };
		DA2810BC287C2588006EEF60 /* LabeledInfoTableViewCell.swift */ = {isa = PBXFileReference; lastKnownFileType = sourcecode.swift; path = LabeledInfoTableViewCell.swift; sourceTree = "<group>"; };
		DA28A348287414E900E36382 /* SignupViewController.swift */ = {isa = PBXFileReference; lastKnownFileType = sourcecode.swift; path = SignupViewController.swift; sourceTree = "<group>"; };
		DA28A34A287414F700E36382 /* LoginViewController.swift */ = {isa = PBXFileReference; lastKnownFileType = sourcecode.swift; path = LoginViewController.swift; sourceTree = "<group>"; };
		DA28A34C2874157C00E36382 /* OnboardingViewController.swift */ = {isa = PBXFileReference; lastKnownFileType = sourcecode.swift; path = OnboardingViewController.swift; sourceTree = "<group>"; };
		DA28A363287431AC00E36382 /* BebasFixNeue.ttf */ = {isa = PBXFileReference; lastKnownFileType = file; path = BebasFixNeue.ttf; sourceTree = "<group>"; };
		DA28A365287431BF00E36382 /* BubblegumSans-Regular.ttf */ = {isa = PBXFileReference; lastKnownFileType = file; path = "BubblegumSans-Regular.ttf"; sourceTree = "<group>"; };
		DA2F0C1128A3AB22003F35F1 /* MarqueeLabel.swift */ = {isa = PBXFileReference; lastKnownFileType = sourcecode.swift; path = MarqueeLabel.swift; sourceTree = "<group>"; };
		DA2F0C1428A3B0BB003F35F1 /* QuartzCore.framework */ = {isa = PBXFileReference; lastKnownFileType = wrapper.framework; name = QuartzCore.framework; path = System/Library/Frameworks/QuartzCore.framework; sourceTree = SDKROOT; };
		DA36C87A28AB5A8700F18694 /* LibraryTabView.swift */ = {isa = PBXFileReference; lastKnownFileType = sourcecode.swift; path = LibraryTabView.swift; sourceTree = "<group>"; };
		DA36C87C28AB5CDE00F18694 /* LibraryTabViewDelegate.swift */ = {isa = PBXFileReference; lastKnownFileType = sourcecode.swift; path = LibraryTabViewDelegate.swift; sourceTree = "<group>"; };
		DA45569A287402C400804CB8 /* Reverberate.app */ = {isa = PBXFileReference; explicitFileType = wrapper.application; includeInIndex = 0; path = Reverberate.app; sourceTree = BUILT_PRODUCTS_DIR; };
		DA45569D287402C400804CB8 /* AppDelegate.swift */ = {isa = PBXFileReference; lastKnownFileType = sourcecode.swift; path = AppDelegate.swift; sourceTree = "<group>"; };
		DA45569F287402C400804CB8 /* SceneDelegate.swift */ = {isa = PBXFileReference; lastKnownFileType = sourcecode.swift; path = SceneDelegate.swift; sourceTree = "<group>"; };
		DA4556A7287402C400804CB8 /* Reverberate.xcdatamodel */ = {isa = PBXFileReference; lastKnownFileType = wrapper.xcdatamodel; path = Reverberate.xcdatamodel; sourceTree = "<group>"; };
		DA4556A9287402C600804CB8 /* Assets.xcassets */ = {isa = PBXFileReference; lastKnownFileType = folder.assetcatalog; path = Assets.xcassets; sourceTree = "<group>"; };
		DA4556AC287402C600804CB8 /* Base */ = {isa = PBXFileReference; lastKnownFileType = file.storyboard; name = Base; path = Base.lproj/LaunchScreen.storyboard; sourceTree = "<group>"; };
		DA4556AE287402C600804CB8 /* Info.plist */ = {isa = PBXFileReference; lastKnownFileType = text.plist.xml; path = Info.plist; sourceTree = "<group>"; };
		DA4556C728740A7000804CB8 /* MainViewController.swift */ = {isa = PBXFileReference; lastKnownFileType = sourcecode.swift; path = MainViewController.swift; sourceTree = "<group>"; };
		DA4556CF28740B2000804CB8 /* Extensions.swift */ = {isa = PBXFileReference; lastKnownFileType = sourcecode.swift; path = Extensions.swift; sourceTree = "<group>"; };
		DA4556D128740CD200804CB8 /* GlobalConstants.swift */ = {isa = PBXFileReference; lastKnownFileType = sourcecode.swift; path = GlobalConstants.swift; sourceTree = "<group>"; };
		DA46499928BE417700F92C08 /* SongArtistsViewDelegate.swift */ = {isa = PBXFileReference; lastKnownFileType = sourcecode.swift; path = SongArtistsViewDelegate.swift; sourceTree = "<group>"; };
		DA4AC3EC28B35E9800F0B611 /* PlaylistControlsDelegate.swift */ = {isa = PBXFileReference; lastKnownFileType = sourcecode.swift; path = PlaylistControlsDelegate.swift; sourceTree = "<group>"; };
		DA562A8C2891507E0017EEF2 /* halamathitelugu.mp3 */ = {isa = PBXFileReference; lastKnownFileType = audio.mp3; path = halamathitelugu.mp3; sourceTree = "<group>"; };
		DA562A8D2891507E0017EEF2 /* jollyogymkhanatelugu.mp3 */ = {isa = PBXFileReference; lastKnownFileType = audio.mp3; path = jollyogymkhanatelugu.mp3; sourceTree = "<group>"; };
		DA562A8E2891507E0017EEF2 /* beastmodetelugu.mp3 */ = {isa = PBXFileReference; lastKnownFileType = audio.mp3; path = beastmodetelugu.mp3; sourceTree = "<group>"; };
		DA562A932891668A0017EEF2 /* DataProcessor.swift */ = {isa = PBXFileReference; lastKnownFileType = sourcecode.swift; path = DataProcessor.swift; sourceTree = "<group>"; };
		DA58B5522877ED0A00BDAE4B /* GenreSelectionDelegate.swift */ = {isa = PBXFileReference; lastKnownFileType = sourcecode.swift; path = GenreSelectionDelegate.swift; sourceTree = "<group>"; };
		DA58B5542877ED5D00BDAE4B /* GenreSelectionCollectionViewController.swift */ = {isa = PBXFileReference; lastKnownFileType = sourcecode.swift; path = GenreSelectionCollectionViewController.swift; sourceTree = "<group>"; };
		DA58B5562877ED9800BDAE4B /* LanguageSelectionCollectionViewController.swift */ = {isa = PBXFileReference; lastKnownFileType = sourcecode.swift; path = LanguageSelectionCollectionViewController.swift; sourceTree = "<group>"; };
		DA58B55A2878104900BDAE4B /* CustomVisualEffectView.swift */ = {isa = PBXFileReference; lastKnownFileType = sourcecode.swift; path = CustomVisualEffectView.swift; sourceTree = "<group>"; };
		DA5C90B328C86C1A00BE0DF1 /* Alphabet.swift */ = {isa = PBXFileReference; lastKnownFileType = sourcecode.swift; path = Alphabet.swift; sourceTree = "<group>"; };
		DA5C90B528C8732100BE0DF1 /* SectionHeaderCV.swift */ = {isa = PBXFileReference; lastKnownFileType = sourcecode.swift; path = SectionHeaderCV.swift; sourceTree = "<group>"; };
		DA5C90B728C8ADD300BE0DF1 /* LibraryAlbumViewController.swift */ = {isa = PBXFileReference; lastKnownFileType = sourcecode.swift; path = LibraryAlbumViewController.swift; sourceTree = "<group>"; };
		DA5C90B928C8C9FD00BE0DF1 /* LibraryArtistViewController.swift */ = {isa = PBXFileReference; lastKnownFileType = sourcecode.swift; path = LibraryArtistViewController.swift; sourceTree = "<group>"; };
		DA5CE9682887C8F40066AB2E /* HeaderCVReusableView.swift */ = {isa = PBXFileReference; lastKnownFileType = sourcecode.swift; path = HeaderCVReusableView.swift; sourceTree = "<group>"; };
		DA5CE96A2887D90A0066AB2E /* PosterDetailCVCell.swift */ = {isa = PBXFileReference; lastKnownFileType = sourcecode.swift; path = PosterDetailCVCell.swift; sourceTree = "<group>"; };
		DA5CE96C28880D1D0066AB2E /* ArtistType.swift */ = {isa = PBXFileReference; lastKnownFileType = sourcecode.swift; path = ArtistType.swift; sourceTree = "<group>"; };
		DA5CE99E288815EB0066AB2E /* Playlist.swift */ = {isa = PBXFileReference; lastKnownFileType = sourcecode.swift; path = Playlist.swift; sourceTree = "<group>"; };
		DA5CE9A0288815FB0066AB2E /* Album.swift */ = {isa = PBXFileReference; lastKnownFileType = sourcecode.swift; path = Album.swift; sourceTree = "<group>"; };
		DA63B0B8289E7B7A0068775C /* Artist.swift */ = {isa = PBXFileReference; lastKnownFileType = sourcecode.swift; path = Artist.swift; sourceTree = "<group>"; };
		DA65D3B22886674300173F56 /* SearchResultsViewController.swift */ = {isa = PBXFileReference; lastKnownFileType = sourcecode.swift; path = SearchResultsViewController.swift; sourceTree = "<group>"; };
		DA65D3B428866D5000173F56 /* GlobalVariables.swift */ = {isa = PBXFileReference; lastKnownFileType = sourcecode.swift; path = GlobalVariables.swift; sourceTree = "<group>"; };
		DA65D3B628866FA700173F56 /* CategoricalSongsViewController.swift */ = {isa = PBXFileReference; lastKnownFileType = sourcecode.swift; path = CategoricalSongsViewController.swift; sourceTree = "<group>"; };
		DA65D3B82886868B00173F56 /* TitleCardCVCell.swift */ = {isa = PBXFileReference; lastKnownFileType = sourcecode.swift; path = TitleCardCVCell.swift; sourceTree = "<group>"; };
		DA65D3BA288695F400173F56 /* LibraryPlaylistViewController.swift */ = {isa = PBXFileReference; lastKnownFileType = sourcecode.swift; path = LibraryPlaylistViewController.swift; sourceTree = "<group>"; };
		DA65D3BC2886C6F200173F56 /* LibrarySongViewController.swift */ = {isa = PBXFileReference; lastKnownFileType = sourcecode.swift; path = LibrarySongViewController.swift; sourceTree = "<group>"; };
		DA65D3C02886E28900173F56 /* SortOptionsHeaderView.swift */ = {isa = PBXFileReference; lastKnownFileType = sourcecode.swift; path = SortOptionsHeaderView.swift; sourceTree = "<group>"; };
		DA668C6D28769AC8001EE1C9 /* InputValidator.swift */ = {isa = PBXFileReference; lastKnownFileType = sourcecode.swift; path = InputValidator.swift; sourceTree = "<group>"; };
		DA668C792876D936001EE1C9 /* Language.swift */ = {isa = PBXFileReference; lastKnownFileType = sourcecode.swift; path = Language.swift; sourceTree = "<group>"; };
		DA668C7B2876DB1B001EE1C9 /* MusicGenre.swift */ = {isa = PBXFileReference; lastKnownFileType = sourcecode.swift; path = MusicGenre.swift; sourceTree = "<group>"; };
		DA668C8C2876DE5E001EE1C9 /* LanguageSelectionDelegate.swift */ = {isa = PBXFileReference; lastKnownFileType = sourcecode.swift; path = LanguageSelectionDelegate.swift; sourceTree = "<group>"; };
		DA668C8E2876E038001EE1C9 /* SelectionCardCVCell.swift */ = {isa = PBXFileReference; lastKnownFileType = sourcecode.swift; path = SelectionCardCVCell.swift; sourceTree = "<group>"; };
		DA668C9028770745001EE1C9 /* HomeViewController.swift */ = {isa = PBXFileReference; lastKnownFileType = sourcecode.swift; path = HomeViewController.swift; sourceTree = "<group>"; };
		DA668C922877076B001EE1C9 /* SearchViewController.swift */ = {isa = PBXFileReference; lastKnownFileType = sourcecode.swift; path = SearchViewController.swift; sourceTree = "<group>"; };
		DA668C9428770794001EE1C9 /* LibraryViewController.swift */ = {isa = PBXFileReference; lastKnownFileType = sourcecode.swift; path = LibraryViewController.swift; sourceTree = "<group>"; };
		DA668C96287707C4001EE1C9 /* ProfileViewController.swift */ = {isa = PBXFileReference; lastKnownFileType = sourcecode.swift; path = ProfileViewController.swift; sourceTree = "<group>"; };
		DA67E0632898E57A00593251 /* PlaylistDelegate.swift */ = {isa = PBXFileReference; lastKnownFileType = sourcecode.swift; path = PlaylistDelegate.swift; sourceTree = "<group>"; };
		DA67E06528994D3A00593251 /* ArtistDelegate.swift */ = {isa = PBXFileReference; lastKnownFileType = sourcecode.swift; path = ArtistDelegate.swift; sourceTree = "<group>"; };
		DA67F43428890F6000062985 /* HomeVCCompositionalLayout.swift */ = {isa = PBXFileReference; lastKnownFileType = sourcecode.swift; path = HomeVCCompositionalLayout.swift; sourceTree = "<group>"; };
		DA67F4382889182F00062985 /* Category.swift */ = {isa = PBXFileReference; lastKnownFileType = sourcecode.swift; path = Category.swift; sourceTree = "<group>"; };
		DA67F43E28892FFE00062985 /* PlayerViewController.swift */ = {isa = PBXFileReference; lastKnownFileType = sourcecode.swift; path = PlayerViewController.swift; sourceTree = "<group>"; };
		DA67F44428894EA400062985 /* MiniPlayerView.swift */ = {isa = PBXFileReference; lastKnownFileType = sourcecode.swift; path = MiniPlayerView.swift; sourceTree = "<group>"; };
		DA67F4462889527C00062985 /* MiniPlayerDelegate.swift */ = {isa = PBXFileReference; lastKnownFileType = sourcecode.swift; path = MiniPlayerDelegate.swift; sourceTree = "<group>"; };
		DA67F4482889797400062985 /* PlayerDelegate.swift */ = {isa = PBXFileReference; lastKnownFileType = sourcecode.swift; path = PlayerDelegate.swift; sourceTree = "<group>"; };
		DA6C8381287FF4DA00339937 /* SigninTableViewCell.swift */ = {isa = PBXFileReference; lastKnownFileType = sourcecode.swift; path = SigninTableViewCell.swift; sourceTree = "<group>"; };
		DA6C838328800F6F00339937 /* LoginDelegate.swift */ = {isa = PBXFileReference; lastKnownFileType = sourcecode.swift; path = LoginDelegate.swift; sourceTree = "<group>"; };
		DA6C83852880366A00339937 /* SignupDelegate.swift */ = {isa = PBXFileReference; lastKnownFileType = sourcecode.swift; path = SignupDelegate.swift; sourceTree = "<group>"; };
		DA6C8387288046F600339937 /* InitialViewController.swift */ = {isa = PBXFileReference; lastKnownFileType = sourcecode.swift; path = InitialViewController.swift; sourceTree = "<group>"; };
		DA75742E288D9A5900A4CF80 /* arabickuthu.mp3 */ = {isa = PBXFileReference; lastKnownFileType = audio.mp3; path = arabickuthu.mp3; sourceTree = "<group>"; };
		DA75742F288D9A5A00A4CF80 /* beastmode.mp3 */ = {isa = PBXFileReference; lastKnownFileType = audio.mp3; path = beastmode.mp3; sourceTree = "<group>"; };
		DA7B1BB628A3E26A009CDBC6 /* SessionManager.swift */ = {isa = PBXFileReference; lastKnownFileType = sourcecode.swift; path = SessionManager.swift; sourceTree = "<group>"; };
		DA7F246D288188E600E4786F /* SongMetaDataExtractor.swift */ = {isa = PBXFileReference; lastKnownFileType = sourcecode.swift; path = SongMetaDataExtractor.swift; sourceTree = "<group>"; };
		DA946008289249C100FEB486 /* ullamurugudhaiya.mp3 */ = {isa = PBXFileReference; lastKnownFileType = audio.mp3; path = ullamurugudhaiya.mp3; sourceTree = "<group>"; };
		DAA0F17228CB0FEA0077C98B /* PlaylistSelectionViewController.swift */ = {isa = PBXFileReference; lastKnownFileType = sourcecode.swift; path = PlaylistSelectionViewController.swift; sourceTree = "<group>"; };
		DAA0F17428CB16080077C98B /* PlaylistSelectionDelegate.swift */ = {isa = PBXFileReference; lastKnownFileType = sourcecode.swift; path = PlaylistSelectionDelegate.swift; sourceTree = "<group>"; };
		DABA1434289791D700DAAF13 /* PlaylistViewController.swift */ = {isa = PBXFileReference; lastKnownFileType = sourcecode.swift; path = PlaylistViewController.swift; sourceTree = "<group>"; };
		DACBA428289CF85A00DDEBDE /* Song.swift */ = {isa = PBXFileReference; lastKnownFileType = sourcecode.swift; path = Song.swift; sourceTree = "<group>"; };
		DACF29D928B50A3000141BCB /* MusicLoopMode.swift */ = {isa = PBXFileReference; lastKnownFileType = sourcecode.swift; path = MusicLoopMode.swift; sourceTree = "<group>"; };
		DACF29DB28B50AB300141BCB /* MusicShuffleMode.swift */ = {isa = PBXFileReference; lastKnownFileType = sourcecode.swift; path = MusicShuffleMode.swift; sourceTree = "<group>"; };
		DAF64916287553020061C29B /* CustomTableViewCell.swift */ = {isa = PBXFileReference; lastKnownFileType = sourcecode.swift; path = CustomTableViewCell.swift; sourceTree = "<group>"; };
		DAFC0ADF2893D59100EECE4B /* ArtistViewController.swift */ = {isa = PBXFileReference; lastKnownFileType = sourcecode.swift; path = ArtistViewController.swift; sourceTree = "<group>"; };
		DAFC0AE12893D81200EECE4B /* SearchResultDelegate.swift */ = {isa = PBXFileReference; lastKnownFileType = sourcecode.swift; path = SearchResultDelegate.swift; sourceTree = "<group>"; };
		DAFC0AE52893ED7500EECE4B /* StretchyHeaderView.swift */ = {isa = PBXFileReference; lastKnownFileType = sourcecode.swift; path = StretchyHeaderView.swift; sourceTree = "<group>"; };
/* End PBXFileReference section */

/* Begin PBXFrameworksBuildPhase section */
		DA455697287402C400804CB8 /* Frameworks */ = {
			isa = PBXFrameworksBuildPhase;
			buildActionMask = 2147483647;
			files = (
				DA2F0C1528A3B0BB003F35F1 /* QuartzCore.framework in Frameworks */,
			);
			runOnlyForDeploymentPostprocessing = 0;
		};
/* End PBXFrameworksBuildPhase section */

/* Begin PBXGroup section */
		DA1DA69928A40AB900721F5C /* Hindi */ = {
			isa = PBXGroup;
			children = (
				DA252E7928A551DC00791267 /* Classical */,
				DA252E7628A5515900791267 /* Melody */,
				DA252E7128A550DE00791267 /* Western */,
				DA252E6E28A54EC300791267 /* Rock */,
			);
			path = Hindi;
			sourceTree = "<group>";
		};
		DA1DA69E28A40C2C00721F5C /* Classical */ = {
			isa = PBXGroup;
			children = (
				DA1DA69F28A40C3F00721F5C /* kalaavathi.mp3 */,
			);
			path = Classical;
			sourceTree = "<group>";
		};
		DA252E6428A5454B00791267 /* Western */ = {
			isa = PBXGroup;
			children = (
				DA252E6528A5456200791267 /* penny.mp3 */,
			);
			path = Western;
			sourceTree = "<group>";
		};
		DA252E6728A545D100791267 /* Melody */ = {
			isa = PBXGroup;
			children = (
				DA252E6A28A54C6C00791267 /* murarivaa.mp3 */,
			);
			path = Melody;
			sourceTree = "<group>";
		};
		DA252E6E28A54EC300791267 /* Rock */ = {
			isa = PBXGroup;
			children = (
				DA252E7428A5513000791267 /* yaaneyaane.mp3 */,
				DA252E6F28A54EE500791267 /* paramsundari.mp3 */,
			);
			path = Rock;
			sourceTree = "<group>";
		};
		DA252E7128A550DE00791267 /* Western */ = {
			isa = PBXGroup;
			children = (
				DA252E7E28A557D100791267 /* rihaayide.mp3 */,
				DA252E7C28A5522500791267 /* phuljhadiyon.mp3 */,
			);
			path = Western;
			sourceTree = "<group>";
		};
		DA252E7628A5515900791267 /* Melody */ = {
			isa = PBXGroup;
			children = (
				DA252E7728A5517300791267 /* hututu.mp3 */,
			);
			path = Melody;
			sourceTree = "<group>";
		};
		DA252E7928A551DC00791267 /* Classical */ = {
			isa = PBXGroup;
			children = (
				DA252E7A28A551EB00791267 /* chotisichiraiya.mp3 */,
			);
			path = Classical;
			sourceTree = "<group>";
		};
		DA28A3502874201B00E36382 /* Fonts */ = {
			isa = PBXGroup;
			children = (
				DA28A365287431BF00E36382 /* BubblegumSans-Regular.ttf */,
				DA28A363287431AC00E36382 /* BebasFixNeue.ttf */,
			);
			path = Fonts;
			sourceTree = "<group>";
		};
		DA2F0C1328A3B0BB003F35F1 /* Frameworks */ = {
			isa = PBXGroup;
			children = (
				DA2F0C1428A3B0BB003F35F1 /* QuartzCore.framework */,
			);
			name = Frameworks;
			sourceTree = "<group>";
		};
		DA455691287402C400804CB8 = {
			isa = PBXGroup;
			children = (
				DA45569C287402C400804CB8 /* Reverberate */,
				DA45569B287402C400804CB8 /* Products */,
				DA2F0C1328A3B0BB003F35F1 /* Frameworks */,
			);
			sourceTree = "<group>";
		};
		DA45569B287402C400804CB8 /* Products */ = {
			isa = PBXGroup;
			children = (
				DA45569A287402C400804CB8 /* Reverberate.app */,
			);
			name = Products;
			sourceTree = "<group>";
		};
		DA45569C287402C400804CB8 /* Reverberate */ = {
			isa = PBXGroup;
			children = (
				DA67F43328890F4900062985 /* Layouts */,
				DA7F245F2881827200E4786F /* Resources */,
				DA4556C928740AD900804CB8 /* Views */,
				DA668C8B2876DE2B001EE1C9 /* Abstract */,
				DA28A3502874201B00E36382 /* Fonts */,
				DA4556CE28740B0600804CB8 /* Managers */,
				DA4556CD28740AFD00804CB8 /* Extensions */,
				DA4556CB28740AEB00804CB8 /* Utitlities */,
				DA4556CA28740AE300804CB8 /* Models */,
				DA4556C628740A5C00804CB8 /* Controllers */,
				DA45569D287402C400804CB8 /* AppDelegate.swift */,
				DA45569F287402C400804CB8 /* SceneDelegate.swift */,
				DA4556A9287402C600804CB8 /* Assets.xcassets */,
				DA4556AB287402C600804CB8 /* LaunchScreen.storyboard */,
				DA4556AE287402C600804CB8 /* Info.plist */,
				DA4556A6287402C400804CB8 /* Reverberate.xcdatamodeld */,
			);
			path = Reverberate;
			sourceTree = "<group>";
		};
		DA4556C628740A5C00804CB8 /* Controllers */ = {
			isa = PBXGroup;
			children = (
				DA4556C728740A7000804CB8 /* MainViewController.swift */,
				DA28A348287414E900E36382 /* SignupViewController.swift */,
				DA58B5542877ED5D00BDAE4B /* GenreSelectionCollectionViewController.swift */,
				DA28A34A287414F700E36382 /* LoginViewController.swift */,
				DA28A34C2874157C00E36382 /* OnboardingViewController.swift */,
				DA668C9028770745001EE1C9 /* HomeViewController.swift */,
				DA668C922877076B001EE1C9 /* SearchViewController.swift */,
				DA668C9428770794001EE1C9 /* LibraryViewController.swift */,
				DA668C96287707C4001EE1C9 /* ProfileViewController.swift */,
				DA58B5562877ED9800BDAE4B /* LanguageSelectionCollectionViewController.swift */,
				DA2810B8287BDDBB006EEF60 /* EditProfileViewController.swift */,
				DA6C8387288046F600339937 /* InitialViewController.swift */,
				DA65D3B22886674300173F56 /* SearchResultsViewController.swift */,
				DA65D3B628866FA700173F56 /* CategoricalSongsViewController.swift */,
				DA65D3BA288695F400173F56 /* LibraryPlaylistViewController.swift */,
				DA65D3BC2886C6F200173F56 /* LibrarySongViewController.swift */,
				DA67F43E28892FFE00062985 /* PlayerViewController.swift */,
				DA12E695288E559100D502EC /* SongArtistsViewController.swift */,
				DAFC0ADF2893D59100EECE4B /* ArtistViewController.swift */,
				DABA1434289791D700DAAF13 /* PlaylistViewController.swift */,
				DA5C90B728C8ADD300BE0DF1 /* LibraryAlbumViewController.swift */,
				DA5C90B928C8C9FD00BE0DF1 /* LibraryArtistViewController.swift */,
				DAA0F17228CB0FEA0077C98B /* PlaylistSelectionViewController.swift */,
			);
			path = Controllers;
			sourceTree = "<group>";
		};
		DA4556C928740AD900804CB8 /* Views */ = {
			isa = PBXGroup;
			children = (
				DA668C8E2876E038001EE1C9 /* SelectionCardCVCell.swift */,
				DAF64916287553020061C29B /* CustomTableViewCell.swift */,
				DA58B55A2878104900BDAE4B /* CustomVisualEffectView.swift */,
				DA2810BC287C2588006EEF60 /* LabeledInfoTableViewCell.swift */,
				DA6C8381287FF4DA00339937 /* SigninTableViewCell.swift */,
				DA65D3C02886E28900173F56 /* SortOptionsHeaderView.swift */,
				DA65D3B82886868B00173F56 /* TitleCardCVCell.swift */,
				DA5CE9682887C8F40066AB2E /* HeaderCVReusableView.swift */,
				DA5CE96A2887D90A0066AB2E /* PosterDetailCVCell.swift */,
				DA67F44428894EA400062985 /* MiniPlayerView.swift */,
				DA12E697288E5AB300D502EC /* ArtistCVCell.swift */,
				DAFC0AE52893ED7500EECE4B /* StretchyHeaderView.swift */,
				DA36C87A28AB5A8700F18694 /* LibraryTabView.swift */,
				DA5C90B528C8732100BE0DF1 /* SectionHeaderCV.swift */,
			);
			path = Views;
			sourceTree = "<group>";
		};
		DA4556CA28740AE300804CB8 /* Models */ = {
			isa = PBXGroup;
			children = (
				DA16C19228C9F2950083AB52 /* User+CoreDataProperties.swift */,
				DA16C18628C9EC900083AB52 /* User+CoreDataClass.swift */,
				DA5CE99E288815EB0066AB2E /* Playlist.swift */,
				DA5CE9A0288815FB0066AB2E /* Album.swift */,
				DACBA428289CF85A00DDEBDE /* Song.swift */,
				DA63B0B8289E7B7A0068775C /* Artist.swift */,
			);
			path = Models;
			sourceTree = "<group>";
		};
		DA4556CB28740AEB00804CB8 /* Utitlities */ = {
			isa = PBXGroup;
			children = (
				DA4556D128740CD200804CB8 /* GlobalConstants.swift */,
				DA668C6D28769AC8001EE1C9 /* InputValidator.swift */,
				DA668C792876D936001EE1C9 /* Language.swift */,
				DA668C7B2876DB1B001EE1C9 /* MusicGenre.swift */,
				DA7F246D288188E600E4786F /* SongMetaDataExtractor.swift */,
				DA65D3B428866D5000173F56 /* GlobalVariables.swift */,
				DA5CE96C28880D1D0066AB2E /* ArtistType.swift */,
				DA67F4382889182F00062985 /* Category.swift */,
				DA12E69B288E94BF00D502EC /* AlbumSegregator.swift */,
				DA562A932891668A0017EEF2 /* DataProcessor.swift */,
				DA2F0C1128A3AB22003F35F1 /* MarqueeLabel.swift */,
				DACF29D928B50A3000141BCB /* MusicLoopMode.swift */,
				DACF29DB28B50AB300141BCB /* MusicShuffleMode.swift */,
				DA5C90B328C86C1A00BE0DF1 /* Alphabet.swift */,
				DA134FFE28C8FE2300ADEA51 /* ContextMenuProvider.swift */,
				DA16C18A28C9EDF10083AB52 /* CustomDataTransformer.swift */,
			);
			path = Utitlities;
			sourceTree = "<group>";
		};
		DA4556CD28740AFD00804CB8 /* Extensions */ = {
			isa = PBXGroup;
			children = (
				DA4556CF28740B2000804CB8 /* Extensions.swift */,
			);
			path = Extensions;
			sourceTree = "<group>";
		};
		DA4556CE28740B0600804CB8 /* Managers */ = {
			isa = PBXGroup;
			children = (
				DA12E699288E937800D502EC /* DataManager.swift */,
				DA7B1BB628A3E26A009CDBC6 /* SessionManager.swift */,
			);
			path = Managers;
			sourceTree = "<group>";
		};
		DA562A89289150690017EEF2 /* Rock */ = {
			isa = PBXGroup;
			children = (
				DA1DA6A128A40C7900721F5C /* mamamahesha.mp3 */,
				DA562A8D2891507E0017EEF2 /* jollyogymkhanatelugu.mp3 */,
				DA562A8E2891507E0017EEF2 /* beastmodetelugu.mp3 */,
				DA562A8C2891507E0017EEF2 /* halamathitelugu.mp3 */,
			);
			path = Rock;
			sourceTree = "<group>";
		};
		DA668C8B2876DE2B001EE1C9 /* Abstract */ = {
			isa = PBXGroup;
			children = (
				DA668C8C2876DE5E001EE1C9 /* LanguageSelectionDelegate.swift */,
				DA58B5522877ED0A00BDAE4B /* GenreSelectionDelegate.swift */,
				DA6C838328800F6F00339937 /* LoginDelegate.swift */,
				DA6C83852880366A00339937 /* SignupDelegate.swift */,
				DA67F4462889527C00062985 /* MiniPlayerDelegate.swift */,
				DA67F4482889797400062985 /* PlayerDelegate.swift */,
				DAFC0AE12893D81200EECE4B /* SearchResultDelegate.swift */,
				DA67E0632898E57A00593251 /* PlaylistDelegate.swift */,
				DA67E06528994D3A00593251 /* ArtistDelegate.swift */,
				DA36C87C28AB5CDE00F18694 /* LibraryTabViewDelegate.swift */,
				DA4AC3EC28B35E9800F0B611 /* PlaylistControlsDelegate.swift */,
				DA46499928BE417700F92C08 /* SongArtistsViewDelegate.swift */,
				DAA0F17428CB16080077C98B /* PlaylistSelectionDelegate.swift */,
			);
			path = Abstract;
			sourceTree = "<group>";
		};
		DA67F43328890F4900062985 /* Layouts */ = {
			isa = PBXGroup;
			children = (
				DA67F43428890F6000062985 /* HomeVCCompositionalLayout.swift */,
			);
			path = Layouts;
			sourceTree = "<group>";
		};
		DA7F245F2881827200E4786F /* Resources */ = {
			isa = PBXGroup;
			children = (
				DA7F24602881827F00E4786F /* Songs */,
			);
			path = Resources;
			sourceTree = "<group>";
		};
		DA7F24602881827F00E4786F /* Songs */ = {
			isa = PBXGroup;
			children = (
				DA1DA69928A40AB900721F5C /* Hindi */,
				DA7F247A2881965E00E4786F /* Telugu */,
				DA7F24742881962400E4786F /* Kannada */,
				DA7F246A2881866900E4786F /* Malayalam */,
				DA7F24612881828B00E4786F /* Tamil */,
			);
			path = Songs;
			sourceTree = "<group>";
		};
		DA7F24612881828B00E4786F /* Tamil */ = {
			isa = PBXGroup;
			children = (
				DA9460052892490A00FEB486 /* Classical */,
				DA7F24692881866300E4786F /* Folk */,
				DA7F24682881864C00E4786F /* Western */,
				DA7F2467288185DE00E4786F /* Rock */,
				DA7F24622881829800E4786F /* Melody */,
			);
			path = Tamil;
			sourceTree = "<group>";
		};
		DA7F24622881829800E4786F /* Melody */ = {
			isa = PBXGroup;
			children = (
				DA252E8A28A55B0500791267 /* mothersong.mp3 */,
			);
			path = Melody;
			sourceTree = "<group>";
		};
		DA7F2467288185DE00E4786F /* Rock */ = {
			isa = PBXGroup;
			children = (
				DA252E8628A55A9500791267 /* naangaveramaari.mp3 */,
				DA252E6C28A54D2600791267 /* jollyogymkhana.mp3 */,
				DA252E6228A543DA00791267 /* summasurrunu.mp3 */,
				DA75742E288D9A5900A4CF80 /* arabickuthu.mp3 */,
				DA75742F288D9A5A00A4CF80 /* beastmode.mp3 */,
			);
			path = Rock;
			sourceTree = "<group>";
		};
		DA7F24682881864C00E4786F /* Western */ = {
			isa = PBXGroup;
			children = (
			);
			path = Western;
			sourceTree = "<group>";
		};
		DA7F24692881866300E4786F /* Folk */ = {
			isa = PBXGroup;
			children = (
				DA252E6028A543C500791267 /* vaadathambi.mp3 */,
			);
			path = Folk;
			sourceTree = "<group>";
		};
		DA7F246A2881866900E4786F /* Malayalam */ = {
			isa = PBXGroup;
			children = (
				DA7F24732881961800E4786F /* Western */,
				DA7F24722881961200E4786F /* Folk */,
				DA7F24712881960B00E4786F /* Rock */,
				DA7F246C2881868F00E4786F /* Melody */,
				DA7F246B2881868600E4786F /* Classical */,
			);
			path = Malayalam;
			sourceTree = "<group>";
		};
		DA7F246B2881868600E4786F /* Classical */ = {
			isa = PBXGroup;
			children = (
			);
			path = Classical;
			sourceTree = "<group>";
		};
		DA7F246C2881868F00E4786F /* Melody */ = {
			isa = PBXGroup;
			children = (
				DA252E8428A559B800791267 /* thaalampoyi.mp3 */,
				DA252E8228A5590600791267 /* ariyathariyathe.mp3 */,
			);
			path = Melody;
			sourceTree = "<group>";
		};
		DA7F24712881960B00E4786F /* Rock */ = {
			isa = PBXGroup;
			children = (
			);
			path = Rock;
			sourceTree = "<group>";
		};
		DA7F24722881961200E4786F /* Folk */ = {
			isa = PBXGroup;
			children = (
				DA252E8028A5587800791267 /* kalakkatha.mp3 */,
			);
			path = Folk;
			sourceTree = "<group>";
		};
		DA7F24732881961800E4786F /* Western */ = {
			isa = PBXGroup;
			children = (
			);
			path = Western;
			sourceTree = "<group>";
		};
		DA7F24742881962400E4786F /* Kannada */ = {
			isa = PBXGroup;
			children = (
				DA7F24792881965500E4786F /* Folk */,
				DA7F24782881964C00E4786F /* Western */,
				DA7F24772881964600E4786F /* Rock */,
				DA7F24762881963D00E4786F /* Classical */,
				DA7F24752881962F00E4786F /* Melody */,
			);
			path = Kannada;
			sourceTree = "<group>";
		};
		DA7F24752881962F00E4786F /* Melody */ = {
			isa = PBXGroup;
			children = (
			);
			path = Melody;
			sourceTree = "<group>";
		};
		DA7F24762881963D00E4786F /* Classical */ = {
			isa = PBXGroup;
			children = (
			);
			path = Classical;
			sourceTree = "<group>";
		};
		DA7F24772881964600E4786F /* Rock */ = {
			isa = PBXGroup;
			children = (
			);
			path = Rock;
			sourceTree = "<group>";
		};
		DA7F24782881964C00E4786F /* Western */ = {
			isa = PBXGroup;
			children = (
			);
			path = Western;
			sourceTree = "<group>";
		};
		DA7F24792881965500E4786F /* Folk */ = {
			isa = PBXGroup;
			children = (
			);
			path = Folk;
			sourceTree = "<group>";
		};
		DA7F247A2881965E00E4786F /* Telugu */ = {
			isa = PBXGroup;
			children = (
				DA252E6728A545D100791267 /* Melody */,
				DA252E6428A5454B00791267 /* Western */,
				DA1DA69E28A40C2C00721F5C /* Classical */,
				DA562A89289150690017EEF2 /* Rock */,
				DA7F247B2881966900E4786F /* Folk */,
			);
			path = Telugu;
			sourceTree = "<group>";
		};
		DA7F247B2881966900E4786F /* Folk */ = {
			isa = PBXGroup;
			children = (
			);
			path = Folk;
			sourceTree = "<group>";
		};
		DA9460052892490A00FEB486 /* Classical */ = {
			isa = PBXGroup;
			children = (
				DA252E8828A55ACD00791267 /* ennakurai.mp3 */,
				DA946008289249C100FEB486 /* ullamurugudhaiya.mp3 */,
			);
			path = Classical;
			sourceTree = "<group>";
		};
/* End PBXGroup section */

/* Begin PBXNativeTarget section */
		DA455699287402C400804CB8 /* Reverberate */ = {
			isa = PBXNativeTarget;
			buildConfigurationList = DA4556B1287402C600804CB8 /* Build configuration list for PBXNativeTarget "Reverberate" */;
			buildPhases = (
				DA455696287402C400804CB8 /* Sources */,
				DA455697287402C400804CB8 /* Frameworks */,
				DA455698287402C400804CB8 /* Resources */,
			);
			buildRules = (
			);
			dependencies = (
			);
			name = Reverberate;
			productName = Reverberate;
			productReference = DA45569A287402C400804CB8 /* Reverberate.app */;
			productType = "com.apple.product-type.application";
		};
/* End PBXNativeTarget section */

/* Begin PBXProject section */
		DA455692287402C400804CB8 /* Project object */ = {
			isa = PBXProject;
			attributes = {
				BuildIndependentTargetsInParallel = 1;
				LastSwiftUpdateCheck = 1340;
				LastUpgradeCheck = 1340;
				TargetAttributes = {
					DA455699287402C400804CB8 = {
						CreatedOnToolsVersion = 13.4;
					};
				};
			};
			buildConfigurationList = DA455695287402C400804CB8 /* Build configuration list for PBXProject "Reverberate" */;
			compatibilityVersion = "Xcode 13.0";
			developmentRegion = en;
			hasScannedForEncodings = 0;
			knownRegions = (
				en,
				Base,
			);
			mainGroup = DA455691287402C400804CB8;
			productRefGroup = DA45569B287402C400804CB8 /* Products */;
			projectDirPath = "";
			projectRoot = "";
			targets = (
				DA455699287402C400804CB8 /* Reverberate */,
			);
		};
/* End PBXProject section */

/* Begin PBXResourcesBuildPhase section */
		DA455698287402C400804CB8 /* Resources */ = {
			isa = PBXResourcesBuildPhase;
			buildActionMask = 2147483647;
			files = (
				DA1DA6A228A40C7900721F5C /* mamamahesha.mp3 in Resources */,
				DA1DA6A028A40C3F00721F5C /* kalaavathi.mp3 in Resources */,
				DA757431288D9A5A00A4CF80 /* arabickuthu.mp3 in Resources */,
				DA562A912891507E0017EEF2 /* jollyogymkhanatelugu.mp3 in Resources */,
				DA252E8328A5590600791267 /* ariyathariyathe.mp3 in Resources */,
				DA252E6B28A54C6C00791267 /* murarivaa.mp3 in Resources */,
				DA252E8928A55ACD00791267 /* ennakurai.mp3 in Resources */,
				DA252E7D28A5522500791267 /* phuljhadiyon.mp3 in Resources */,
				DA252E6D28A54D2600791267 /* jollyogymkhana.mp3 in Resources */,
				DA252E6328A543DA00791267 /* summasurrunu.mp3 in Resources */,
				DA252E8B28A55B0500791267 /* mothersong.mp3 in Resources */,
				DA252E6128A543C500791267 /* vaadathambi.mp3 in Resources */,
				DA946009289249C100FEB486 /* ullamurugudhaiya.mp3 in Resources */,
				DA252E7028A54EE500791267 /* paramsundari.mp3 in Resources */,
				DA4556AD287402C600804CB8 /* LaunchScreen.storyboard in Resources */,
				DA4556AA287402C600804CB8 /* Assets.xcassets in Resources */,
				DA28A366287431BF00E36382 /* BubblegumSans-Regular.ttf in Resources */,
				DA28A364287431AC00E36382 /* BebasFixNeue.ttf in Resources */,
				DA562A902891507E0017EEF2 /* halamathitelugu.mp3 in Resources */,
				DA252E7528A5513000791267 /* yaaneyaane.mp3 in Resources */,
				DA252E6628A5456200791267 /* penny.mp3 in Resources */,
				DA252E7F28A557D100791267 /* rihaayide.mp3 in Resources */,
				DA252E8128A5587800791267 /* kalakkatha.mp3 in Resources */,
				DA252E8528A559B800791267 /* thaalampoyi.mp3 in Resources */,
				DA252E8728A55A9500791267 /* naangaveramaari.mp3 in Resources */,
				DA757432288D9A5A00A4CF80 /* beastmode.mp3 in Resources */,
				DA562A922891507E0017EEF2 /* beastmodetelugu.mp3 in Resources */,
				DA252E7828A5517300791267 /* hututu.mp3 in Resources */,
				DA252E7B28A551EB00791267 /* chotisichiraiya.mp3 in Resources */,
			);
			runOnlyForDeploymentPostprocessing = 0;
		};
/* End PBXResourcesBuildPhase section */

/* Begin PBXSourcesBuildPhase section */
		DA455696287402C400804CB8 /* Sources */ = {
			isa = PBXSourcesBuildPhase;
			buildActionMask = 2147483647;
			files = (
				DA5C90B428C86C1A00BE0DF1 /* Alphabet.swift in Sources */,
				DA4556D028740B2000804CB8 /* Extensions.swift in Sources */,
				DA2F0C1228A3AB22003F35F1 /* MarqueeLabel.swift in Sources */,
				DA65D3B32886674300173F56 /* SearchResultsViewController.swift in Sources */,
				DA67F4392889182F00062985 /* Category.swift in Sources */,
				DA58B5552877ED5D00BDAE4B /* GenreSelectionCollectionViewController.swift in Sources */,
				DACBA429289CF85A00DDEBDE /* Song.swift in Sources */,
				DA58B55B2878104900BDAE4B /* CustomVisualEffectView.swift in Sources */,
				DA6C8388288046F600339937 /* InitialViewController.swift in Sources */,
				DA668C8F2876E038001EE1C9 /* SelectionCardCVCell.swift in Sources */,
				DA668C9128770745001EE1C9 /* HomeViewController.swift in Sources */,
				DA67E0642898E57A00593251 /* PlaylistDelegate.swift in Sources */,
				DA58B5532877ED0A00BDAE4B /* GenreSelectionDelegate.swift in Sources */,
				DA58B5572877ED9800BDAE4B /* LanguageSelectionCollectionViewController.swift in Sources */,
				DA67F43528890F6000062985 /* HomeVCCompositionalLayout.swift in Sources */,
				DAFC0AE02893D59100EECE4B /* ArtistViewController.swift in Sources */,
				DA668C7C2876DB1B001EE1C9 /* MusicGenre.swift in Sources */,
				DA668C9528770794001EE1C9 /* LibraryViewController.swift in Sources */,
				DACF29DC28B50AB300141BCB /* MusicShuffleMode.swift in Sources */,
				DA65D3B92886868B00173F56 /* TitleCardCVCell.swift in Sources */,
				DABA1435289791D700DAAF13 /* PlaylistViewController.swift in Sources */,
				DACF29DA28B50A3000141BCB /* MusicLoopMode.swift in Sources */,
				DA12E698288E5AB300D502EC /* ArtistCVCell.swift in Sources */,
				DA7F246E288188E600E4786F /* SongMetaDataExtractor.swift in Sources */,
				DA5C90B828C8ADD300BE0DF1 /* LibraryAlbumViewController.swift in Sources */,
				DA5CE9A1288815FB0066AB2E /* Album.swift in Sources */,
				DA5CE99F288815EB0066AB2E /* Playlist.swift in Sources */,
				DA67F44528894EA400062985 /* MiniPlayerView.swift in Sources */,
				DA12E69C288E94BF00D502EC /* AlbumSegregator.swift in Sources */,
				DA668C8D2876DE5E001EE1C9 /* LanguageSelectionDelegate.swift in Sources */,
				DA668C97287707C4001EE1C9 /* ProfileViewController.swift in Sources */,
				DA16C18B28C9EDF10083AB52 /* CustomDataTransformer.swift in Sources */,
				DA6C8382287FF4DA00339937 /* SigninTableViewCell.swift in Sources */,
				DA63B0B9289E7B7A0068775C /* Artist.swift in Sources */,
				DA7B1BB728A3E26A009CDBC6 /* SessionManager.swift in Sources */,
				DA2810BD287C2588006EEF60 /* LabeledInfoTableViewCell.swift in Sources */,
				DAF64917287553020061C29B /* CustomTableViewCell.swift in Sources */,
				DAA0F17328CB0FEA0077C98B /* PlaylistSelectionViewController.swift in Sources */,
				DA4AC3ED28B35E9800F0B611 /* PlaylistControlsDelegate.swift in Sources */,
				DA668C7A2876D936001EE1C9 /* Language.swift in Sources */,
				DAFC0AE22893D81200EECE4B /* SearchResultDelegate.swift in Sources */,
				DA28A349287414E900E36382 /* SignupViewController.swift in Sources */,
				DA45569E287402C400804CB8 /* AppDelegate.swift in Sources */,
				DA12E69A288E937800D502EC /* DataManager.swift in Sources */,
				DA65D3BB288695F400173F56 /* LibraryPlaylistViewController.swift in Sources */,
				DA65D3C12886E28900173F56 /* SortOptionsHeaderView.swift in Sources */,
				DA16C18828C9EC900083AB52 /* User+CoreDataClass.swift in Sources */,
				DA65D3B728866FA700173F56 /* CategoricalSongsViewController.swift in Sources */,
				DA668C932877076B001EE1C9 /* SearchViewController.swift in Sources */,
				DA6C83862880366A00339937 /* SignupDelegate.swift in Sources */,
				DA36C87D28AB5CDE00F18694 /* LibraryTabViewDelegate.swift in Sources */,
				DA4556A0287402C400804CB8 /* SceneDelegate.swift in Sources */,
				DA28A34B287414F700E36382 /* LoginViewController.swift in Sources */,
				DA36C87B28AB5A8700F18694 /* LibraryTabView.swift in Sources */,
				DA5CE96D28880D1D0066AB2E /* ArtistType.swift in Sources */,
				DA67E06628994D3A00593251 /* ArtistDelegate.swift in Sources */,
				DA4556C828740A7000804CB8 /* MainViewController.swift in Sources */,
				DA65D3BD2886C6F200173F56 /* LibrarySongViewController.swift in Sources */,
				DA5C90BA28C8C9FD00BE0DF1 /* LibraryArtistViewController.swift in Sources */,
				DA562A942891668A0017EEF2 /* DataProcessor.swift in Sources */,
				DA67F4472889527C00062985 /* MiniPlayerDelegate.swift in Sources */,
				DAA0F17528CB16080077C98B /* PlaylistSelectionDelegate.swift in Sources */,
				DA67F43F28892FFE00062985 /* PlayerViewController.swift in Sources */,
				DA4556D228740CD200804CB8 /* GlobalConstants.swift in Sources */,
				DA65D3B528866D5000173F56 /* GlobalVariables.swift in Sources */,
				DA28A34D2874157C00E36382 /* OnboardingViewController.swift in Sources */,
				DA12E696288E559100D502EC /* SongArtistsViewController.swift in Sources */,
				DA134FFF28C8FE2300ADEA51 /* ContextMenuProvider.swift in Sources */,
				DA4556A8287402C400804CB8 /* Reverberate.xcdatamodeld in Sources */,
				DA5CE96B2887D90A0066AB2E /* PosterDetailCVCell.swift in Sources */,
				DA668C6E28769AC8001EE1C9 /* InputValidator.swift in Sources */,
				DA6C838428800F6F00339937 /* LoginDelegate.swift in Sources */,
				DA46499A28BE417700F92C08 /* SongArtistsViewDelegate.swift in Sources */,
				DA5CE9692887C8F40066AB2E /* HeaderCVReusableView.swift in Sources */,
				DA67F4492889797400062985 /* PlayerDelegate.swift in Sources */,
				DA16C19328C9F2950083AB52 /* User+CoreDataProperties.swift in Sources */,
				DA5C90B628C8732100BE0DF1 /* SectionHeaderCV.swift in Sources */,
				DAFC0AE62893ED7500EECE4B /* StretchyHeaderView.swift in Sources */,
				DA2810B9287BDDBB006EEF60 /* EditProfileViewController.swift in Sources */,
			);
			runOnlyForDeploymentPostprocessing = 0;
		};
/* End PBXSourcesBuildPhase section */

/* Begin PBXVariantGroup section */
		DA4556AB287402C600804CB8 /* LaunchScreen.storyboard */ = {
			isa = PBXVariantGroup;
			children = (
				DA4556AC287402C600804CB8 /* Base */,
			);
			name = LaunchScreen.storyboard;
			sourceTree = "<group>";
		};
/* End PBXVariantGroup section */

/* Begin XCBuildConfiguration section */
		DA4556AF287402C600804CB8 /* Debug */ = {
			isa = XCBuildConfiguration;
			buildSettings = {
				ALWAYS_SEARCH_USER_PATHS = NO;
				CLANG_ANALYZER_NONNULL = YES;
				CLANG_ANALYZER_NUMBER_OBJECT_CONVERSION = YES_AGGRESSIVE;
				CLANG_CXX_LANGUAGE_STANDARD = "gnu++17";
				CLANG_ENABLE_MODULES = YES;
				CLANG_ENABLE_OBJC_ARC = YES;
				CLANG_ENABLE_OBJC_WEAK = YES;
				CLANG_WARN_BLOCK_CAPTURE_AUTORELEASING = YES;
				CLANG_WARN_BOOL_CONVERSION = YES;
				CLANG_WARN_COMMA = YES;
				CLANG_WARN_CONSTANT_CONVERSION = YES;
				CLANG_WARN_DEPRECATED_OBJC_IMPLEMENTATIONS = YES;
				CLANG_WARN_DIRECT_OBJC_ISA_USAGE = YES_ERROR;
				CLANG_WARN_DOCUMENTATION_COMMENTS = YES;
				CLANG_WARN_EMPTY_BODY = YES;
				CLANG_WARN_ENUM_CONVERSION = YES;
				CLANG_WARN_INFINITE_RECURSION = YES;
				CLANG_WARN_INT_CONVERSION = YES;
				CLANG_WARN_NON_LITERAL_NULL_CONVERSION = YES;
				CLANG_WARN_OBJC_IMPLICIT_RETAIN_SELF = YES;
				CLANG_WARN_OBJC_LITERAL_CONVERSION = YES;
				CLANG_WARN_OBJC_ROOT_CLASS = YES_ERROR;
				CLANG_WARN_QUOTED_INCLUDE_IN_FRAMEWORK_HEADER = YES;
				CLANG_WARN_RANGE_LOOP_ANALYSIS = YES;
				CLANG_WARN_STRICT_PROTOTYPES = YES;
				CLANG_WARN_SUSPICIOUS_MOVE = YES;
				CLANG_WARN_UNGUARDED_AVAILABILITY = YES_AGGRESSIVE;
				CLANG_WARN_UNREACHABLE_CODE = YES;
				CLANG_WARN__DUPLICATE_METHOD_MATCH = YES;
				COPY_PHASE_STRIP = NO;
				DEBUG_INFORMATION_FORMAT = dwarf;
				ENABLE_STRICT_OBJC_MSGSEND = YES;
				ENABLE_TESTABILITY = YES;
				GCC_C_LANGUAGE_STANDARD = gnu11;
				GCC_DYNAMIC_NO_PIC = NO;
				GCC_NO_COMMON_BLOCKS = YES;
				GCC_OPTIMIZATION_LEVEL = 0;
				GCC_PREPROCESSOR_DEFINITIONS = (
					"DEBUG=1",
					"$(inherited)",
				);
				GCC_WARN_64_TO_32_BIT_CONVERSION = YES;
				GCC_WARN_ABOUT_RETURN_TYPE = YES_ERROR;
				GCC_WARN_UNDECLARED_SELECTOR = YES;
				GCC_WARN_UNINITIALIZED_AUTOS = YES_AGGRESSIVE;
				GCC_WARN_UNUSED_FUNCTION = YES;
				GCC_WARN_UNUSED_VARIABLE = YES;
				IPHONEOS_DEPLOYMENT_TARGET = 15.5;
				MTL_ENABLE_DEBUG_INFO = INCLUDE_SOURCE;
				MTL_FAST_MATH = YES;
				ONLY_ACTIVE_ARCH = YES;
				SDKROOT = iphoneos;
				SWIFT_ACTIVE_COMPILATION_CONDITIONS = DEBUG;
				SWIFT_OPTIMIZATION_LEVEL = "-Onone";
			};
			name = Debug;
		};
		DA4556B0287402C600804CB8 /* Release */ = {
			isa = XCBuildConfiguration;
			buildSettings = {
				ALWAYS_SEARCH_USER_PATHS = NO;
				CLANG_ANALYZER_NONNULL = YES;
				CLANG_ANALYZER_NUMBER_OBJECT_CONVERSION = YES_AGGRESSIVE;
				CLANG_CXX_LANGUAGE_STANDARD = "gnu++17";
				CLANG_ENABLE_MODULES = YES;
				CLANG_ENABLE_OBJC_ARC = YES;
				CLANG_ENABLE_OBJC_WEAK = YES;
				CLANG_WARN_BLOCK_CAPTURE_AUTORELEASING = YES;
				CLANG_WARN_BOOL_CONVERSION = YES;
				CLANG_WARN_COMMA = YES;
				CLANG_WARN_CONSTANT_CONVERSION = YES;
				CLANG_WARN_DEPRECATED_OBJC_IMPLEMENTATIONS = YES;
				CLANG_WARN_DIRECT_OBJC_ISA_USAGE = YES_ERROR;
				CLANG_WARN_DOCUMENTATION_COMMENTS = YES;
				CLANG_WARN_EMPTY_BODY = YES;
				CLANG_WARN_ENUM_CONVERSION = YES;
				CLANG_WARN_INFINITE_RECURSION = YES;
				CLANG_WARN_INT_CONVERSION = YES;
				CLANG_WARN_NON_LITERAL_NULL_CONVERSION = YES;
				CLANG_WARN_OBJC_IMPLICIT_RETAIN_SELF = YES;
				CLANG_WARN_OBJC_LITERAL_CONVERSION = YES;
				CLANG_WARN_OBJC_ROOT_CLASS = YES_ERROR;
				CLANG_WARN_QUOTED_INCLUDE_IN_FRAMEWORK_HEADER = YES;
				CLANG_WARN_RANGE_LOOP_ANALYSIS = YES;
				CLANG_WARN_STRICT_PROTOTYPES = YES;
				CLANG_WARN_SUSPICIOUS_MOVE = YES;
				CLANG_WARN_UNGUARDED_AVAILABILITY = YES_AGGRESSIVE;
				CLANG_WARN_UNREACHABLE_CODE = YES;
				CLANG_WARN__DUPLICATE_METHOD_MATCH = YES;
				COPY_PHASE_STRIP = NO;
				DEBUG_INFORMATION_FORMAT = "dwarf-with-dsym";
				ENABLE_NS_ASSERTIONS = NO;
				ENABLE_STRICT_OBJC_MSGSEND = YES;
				GCC_C_LANGUAGE_STANDARD = gnu11;
				GCC_NO_COMMON_BLOCKS = YES;
				GCC_WARN_64_TO_32_BIT_CONVERSION = YES;
				GCC_WARN_ABOUT_RETURN_TYPE = YES_ERROR;
				GCC_WARN_UNDECLARED_SELECTOR = YES;
				GCC_WARN_UNINITIALIZED_AUTOS = YES_AGGRESSIVE;
				GCC_WARN_UNUSED_FUNCTION = YES;
				GCC_WARN_UNUSED_VARIABLE = YES;
				IPHONEOS_DEPLOYMENT_TARGET = 15.5;
				MTL_ENABLE_DEBUG_INFO = NO;
				MTL_FAST_MATH = YES;
				SDKROOT = iphoneos;
				SWIFT_COMPILATION_MODE = wholemodule;
				SWIFT_OPTIMIZATION_LEVEL = "-O";
				VALIDATE_PRODUCT = YES;
			};
			name = Release;
		};
		DA4556B2287402C600804CB8 /* Debug */ = {
			isa = XCBuildConfiguration;
			buildSettings = {
				ASSETCATALOG_COMPILER_APPICON_NAME = AppIcon;
				ASSETCATALOG_COMPILER_GLOBAL_ACCENT_COLOR_NAME = AccentColor;
				CODE_SIGN_IDENTITY = "Apple Development";
				CODE_SIGN_STYLE = Automatic;
				CURRENT_PROJECT_VERSION = 1;
				DEVELOPMENT_TEAM = RZFG3568AJ;
				GENERATE_INFOPLIST_FILE = YES;
				INFOPLIST_FILE = Reverberate/Info.plist;
				INFOPLIST_KEY_UIApplicationSupportsIndirectInputEvents = YES;
				INFOPLIST_KEY_UILaunchStoryboardName = LaunchScreen;
				INFOPLIST_KEY_UISupportedInterfaceOrientations_iPad = "UIInterfaceOrientationPortrait UIInterfaceOrientationPortraitUpsideDown UIInterfaceOrientationLandscapeLeft UIInterfaceOrientationLandscapeRight";
				INFOPLIST_KEY_UISupportedInterfaceOrientations_iPhone = "UIInterfaceOrientationPortrait UIInterfaceOrientationLandscapeLeft UIInterfaceOrientationLandscapeRight";
				IPHONEOS_DEPLOYMENT_TARGET = 15.0;
				LD_RUNPATH_SEARCH_PATHS = (
					"$(inherited)",
					"@executable_path/Frameworks",
				);
				MARKETING_VERSION = 1.0;
				PRODUCT_BUNDLE_IDENTIFIER = com.vtouch.demo.Reverberate;
				PRODUCT_NAME = "$(TARGET_NAME)";
				PROVISIONING_PROFILE_SPECIFIER = "";
				SWIFT_EMIT_LOC_STRINGS = YES;
				SWIFT_VERSION = 5.0;
				TARGETED_DEVICE_FAMILY = "1,2";
			};
			name = Debug;
		};
		DA4556B3287402C600804CB8 /* Release */ = {
			isa = XCBuildConfiguration;
			buildSettings = {
				ASSETCATALOG_COMPILER_APPICON_NAME = AppIcon;
				ASSETCATALOG_COMPILER_GLOBAL_ACCENT_COLOR_NAME = AccentColor;
				CODE_SIGN_IDENTITY = "Apple Development";
				CODE_SIGN_STYLE = Automatic;
				CURRENT_PROJECT_VERSION = 1;
				DEVELOPMENT_TEAM = RZFG3568AJ;
				GENERATE_INFOPLIST_FILE = YES;
				INFOPLIST_FILE = Reverberate/Info.plist;
				INFOPLIST_KEY_UIApplicationSupportsIndirectInputEvents = YES;
				INFOPLIST_KEY_UILaunchStoryboardName = LaunchScreen;
				INFOPLIST_KEY_UISupportedInterfaceOrientations_iPad = "UIInterfaceOrientationPortrait UIInterfaceOrientationPortraitUpsideDown UIInterfaceOrientationLandscapeLeft UIInterfaceOrientationLandscapeRight";
				INFOPLIST_KEY_UISupportedInterfaceOrientations_iPhone = "UIInterfaceOrientationPortrait UIInterfaceOrientationLandscapeLeft UIInterfaceOrientationLandscapeRight";
				IPHONEOS_DEPLOYMENT_TARGET = 15.0;
				LD_RUNPATH_SEARCH_PATHS = (
					"$(inherited)",
					"@executable_path/Frameworks",
				);
				MARKETING_VERSION = 1.0;
				PRODUCT_BUNDLE_IDENTIFIER = com.vtouch.demo.Reverberate;
				PRODUCT_NAME = "$(TARGET_NAME)";
				PROVISIONING_PROFILE_SPECIFIER = "";
				SWIFT_EMIT_LOC_STRINGS = YES;
				SWIFT_VERSION = 5.0;
				TARGETED_DEVICE_FAMILY = "1,2";
			};
			name = Release;
		};
/* End XCBuildConfiguration section */

/* Begin XCConfigurationList section */
		DA455695287402C400804CB8 /* Build configuration list for PBXProject "Reverberate" */ = {
			isa = XCConfigurationList;
			buildConfigurations = (
				DA4556AF287402C600804CB8 /* Debug */,
				DA4556B0287402C600804CB8 /* Release */,
			);
			defaultConfigurationIsVisible = 0;
			defaultConfigurationName = Release;
		};
		DA4556B1287402C600804CB8 /* Build configuration list for PBXNativeTarget "Reverberate" */ = {
			isa = XCConfigurationList;
			buildConfigurations = (
				DA4556B2287402C600804CB8 /* Debug */,
				DA4556B3287402C600804CB8 /* Release */,
			);
			defaultConfigurationIsVisible = 0;
			defaultConfigurationName = Release;
		};
/* End XCConfigurationList section */

/* Begin XCVersionGroup section */
		DA4556A6287402C400804CB8 /* Reverberate.xcdatamodeld */ = {
			isa = XCVersionGroup;
			children = (
				DA4556A7287402C400804CB8 /* Reverberate.xcdatamodel */,
			);
			currentVersion = DA4556A7287402C400804CB8 /* Reverberate.xcdatamodel */;
			path = Reverberate.xcdatamodeld;
			sourceTree = "<group>";
			versionGroupType = wrapper.xcdatamodel;
		};
/* End XCVersionGroup section */
	};
	rootObject = DA455692287402C400804CB8 /* Project object */;
}
